// !$*UTF8*$!
{
	archiveVersion = 1;
	classes = {
	};
	objectVersion = 50;
	objects = {

/* Begin PBXBuildFile section */
		5C07FF7921326F0900E8C0A1 /* changeUserNameAndPasswordCell.swift in Sources */ = {isa = PBXBuildFile; fileRef = 5C07FF7821326F0900E8C0A1 /* changeUserNameAndPasswordCell.swift */; };
		5C07FF7C2132821A00E8C0A1 /* changePassAndUserNameViewController.swift in Sources */ = {isa = PBXBuildFile; fileRef = 5C07FF7B2132821A00E8C0A1 /* changePassAndUserNameViewController.swift */; };
		5C0FB796211AC85700A7DA3A /* buy_item.mp3 in Resources */ = {isa = PBXBuildFile; fileRef = 5C0FB795211AC85600A7DA3A /* buy_item.mp3 */; };
		5C12536020F0C4A6005A64E8 /* chargeTypesDownload.swift in Sources */ = {isa = PBXBuildFile; fileRef = 5C12535F20F0C4A6005A64E8 /* chargeTypesDownload.swift */; };
		5C12536220F0C4FE005A64E8 /* stadiumDataDownload.swift in Sources */ = {isa = PBXBuildFile; fileRef = 5C12536120F0C4FE005A64E8 /* stadiumDataDownload.swift */; };
		5C15C89E20EA130C0024E66C /* connectionView.xib in Resources */ = {isa = PBXBuildFile; fileRef = 5C15C89D20EA130C0024E66C /* connectionView.xib */; };
		5C15C8A020EA131C0024E66C /* connectionView.swift in Sources */ = {isa = PBXBuildFile; fileRef = 5C15C89F20EA131C0024E66C /* connectionView.swift */; };
		5C1AAAFB20EC9BEE002A2EEA /* downloadAssets.swift in Sources */ = {isa = PBXBuildFile; fileRef = 5C1AAAFA20EC9BEE002A2EEA /* downloadAssets.swift */; };
		5C1D232C20F4CE6A00A6C126 /* whistle.mp3 in Resources */ = {isa = PBXBuildFile; fileRef = 5C1D232B20F4CE6A00A6C126 /* whistle.mp3 */; };
		5C1D232E20F4D09D00A6C126 /* quize.mp3 in Resources */ = {isa = PBXBuildFile; fileRef = 5C1D232D20F4D09D00A6C126 /* quize.mp3 */; };
		5C20C1D82105EB0F00930531 /* friendCell.swift in Sources */ = {isa = PBXBuildFile; fileRef = 5C20C1D72105EB0F00930531 /* friendCell.swift */; };
		5C2181E32136751400D086C5 /* loginPageViewController.swift in Sources */ = {isa = PBXBuildFile; fileRef = 5C2181E22136751400D086C5 /* loginPageViewController.swift */; };
		5C234EFE20FA08FE00926611 /* last_ticking.mp3 in Resources */ = {isa = PBXBuildFile; fileRef = 5C234EFD20FA08FE00926611 /* last_ticking.mp3 */; };
		5C234F0020FA105500926611 /* referee_whistle_end.mp3 in Resources */ = {isa = PBXBuildFile; fileRef = 5C234EFF20FA105500926611 /* referee_whistle_end.mp3 */; };
		5C2377DC2116E7640040DC93 /* ItemViewController.swift in Sources */ = {isa = PBXBuildFile; fileRef = 5C2377DB2116E7640040DC93 /* ItemViewController.swift */; };
		5C27142020E89E0C008F1E37 /* profile2Cell.swift in Sources */ = {isa = PBXBuildFile; fileRef = 5C27141F20E89E0C008F1E37 /* profile2Cell.swift */; };
		5C27142220E8AB4D008F1E37 /* profile3Cell.swift in Sources */ = {isa = PBXBuildFile; fileRef = 5C27142120E8AB4D008F1E37 /* profile3Cell.swift */; };
		5C27142420E8B504008F1E37 /* profile4Cell.swift in Sources */ = {isa = PBXBuildFile; fileRef = 5C27142320E8B504008F1E37 /* profile4Cell.swift */; };
		5C28D4622134202F003797B3 /* passChangeRes.swift in Sources */ = {isa = PBXBuildFile; fileRef = 5C28D4612134202F003797B3 /* passChangeRes.swift */; };
		5C2AC1AF20CFA3F10029F8CA /* menu.mp3 in Resources */ = {isa = PBXBuildFile; fileRef = 5C2AC1AE20CFA3F10029F8CA /* menu.mp3 */; };
		5C2AC1B120CFA76D0029F8CA /* click.mp3 in Resources */ = {isa = PBXBuildFile; fileRef = 5C2AC1B020CFA76C0029F8CA /* click.mp3 */; };
		5C2AEF4F20DE715B00C5EEA6 /* leaguesViewController.swift in Sources */ = {isa = PBXBuildFile; fileRef = 5C2AEF4E20DE715B00C5EEA6 /* leaguesViewController.swift */; };
		5C2AEF5120DE73AF00C5EEA6 /* leagueCell.swift in Sources */ = {isa = PBXBuildFile; fileRef = 5C2AEF5020DE73AF00C5EEA6 /* leagueCell.swift */; };
		5C30B2E620E7A8D50008CDAA /* profile1Cell.swift in Sources */ = {isa = PBXBuildFile; fileRef = 5C30B2E520E7A8D50008CDAA /* profile1Cell.swift */; };
		5C3418A520EB6C50001F93A4 /* menuAlert2Buttons.xib in Resources */ = {isa = PBXBuildFile; fileRef = 5C3418A420EB6C50001F93A4 /* menuAlert2Buttons.xib */; };
		5C3418A720EB6C85001F93A4 /* menuAlert2Buttons.swift in Sources */ = {isa = PBXBuildFile; fileRef = 5C3418A620EB6C85001F93A4 /* menuAlert2Buttons.swift */; };
		5C3418A920EB6D01001F93A4 /* menuAlert2ButtonsViewController.swift in Sources */ = {isa = PBXBuildFile; fileRef = 5C3418A820EB6D01001F93A4 /* menuAlert2ButtonsViewController.swift */; };
		5C3418AB20EB85F4001F93A4 /* matchDetails.swift in Sources */ = {isa = PBXBuildFile; fileRef = 5C3418AA20EB85F4001F93A4 /* matchDetails.swift */; };
		5C34C91720CFD6CF0095B968 /* achievementsViewController.swift in Sources */ = {isa = PBXBuildFile; fileRef = 5C34C91620CFD6CF0095B968 /* achievementsViewController.swift */; };
		5C35D13C210DDD7B0086A414 /* shopDetailViewController.swift in Sources */ = {isa = PBXBuildFile; fileRef = 5C35D13B210DDD7B0086A414 /* shopDetailViewController.swift */; };
		5C35D13E210DDD950086A414 /* shopDetailCell.swift in Sources */ = {isa = PBXBuildFile; fileRef = 5C35D13D210DDD950086A414 /* shopDetailCell.swift */; };
		5C3B279A2104663500150FB2 /* gamesList.swift in Sources */ = {isa = PBXBuildFile; fileRef = 5C3B27992104663500150FB2 /* gamesList.swift */; };
		5C3CFFF0212BF8B700D45411 /* collectItem.mp3 in Resources */ = {isa = PBXBuildFile; fileRef = 5C3CFFEF212BF8B600D45411 /* collectItem.mp3 */; };
		5C42A6B3210D8D3200890149 /* downloadShop.swift in Sources */ = {isa = PBXBuildFile; fileRef = 5C42A6B2210D8D3200890149 /* downloadShop.swift */; };
		5C42A6B5210D909B00890149 /* shopDownload.swift in Sources */ = {isa = PBXBuildFile; fileRef = 5C42A6B4210D909B00890149 /* shopDownload.swift */; };
		5C430DDE20E3581E001C155B /* leaderBoardCell.swift in Sources */ = {isa = PBXBuildFile; fileRef = 5C430DDD20E3581E001C155B /* leaderBoardCell.swift */; };
		5C430DE020E3659D001C155B /* leaderBoard.swift in Sources */ = {isa = PBXBuildFile; fileRef = 5C430DDF20E3659D001C155B /* leaderBoard.swift */; };
		5C43CC2720D772D900E25F57 /* tblMatchTypes.swift in Sources */ = {isa = PBXBuildFile; fileRef = 5C43CC2620D772D900E25F57 /* tblMatchTypes.swift */; };
		5C43E0C020E3A068003D2157 /* alertType1Cell.swift in Sources */ = {isa = PBXBuildFile; fileRef = 5C43E0BF20E3A068003D2157 /* alertType1Cell.swift */; };
		5C4E36E120D911AE00B1DAB0 /* loginnots_achv.swift in Sources */ = {isa = PBXBuildFile; fileRef = 5C4E36E020D911AE00B1DAB0 /* loginnots_achv.swift */; };
		5C4E36E320D9122C00B1DAB0 /* loginFavoriteteams.swift in Sources */ = {isa = PBXBuildFile; fileRef = 5C4E36E220D9122C00B1DAB0 /* loginFavoriteteams.swift */; };
		5C50355A210710640025B699 /* noFriendCell.swift in Sources */ = {isa = PBXBuildFile; fileRef = 5C503559210710640025B699 /* noFriendCell.swift */; };
		5C50355C21071A680025B699 /* searchFriendsCell.swift in Sources */ = {isa = PBXBuildFile; fileRef = 5C50355B21071A680025B699 /* searchFriendsCell.swift */; };
		5C523CC72121AF3500642077 /* waitingBall.swift in Sources */ = {isa = PBXBuildFile; fileRef = 5C523CC62121AF3500642077 /* waitingBall.swift */; };
		5C523CC92121AF4500642077 /* waitingBall.xib in Resources */ = {isa = PBXBuildFile; fileRef = 5C523CC82121AF4500642077 /* waitingBall.xib */; };
		5C523CCB2121AFD100642077 /* progress.gif in Resources */ = {isa = PBXBuildFile; fileRef = 5C523CCA2121AFD100642077 /* progress.gif */; };
		5C67B1272127F133000D5ADD /* prediction.swift in Sources */ = {isa = PBXBuildFile; fileRef = 5C67B1262127F133000D5ADD /* prediction.swift */; };
		5C67B1292127FA46000D5ADD /* predictionLeaderBoard.swift in Sources */ = {isa = PBXBuildFile; fileRef = 5C67B1282127FA46000D5ADD /* predictionLeaderBoard.swift */; };
		5C6ED3D420CFEA6F005DF73F /* BallThumb.swift in Sources */ = {isa = PBXBuildFile; fileRef = 5C6ED3D320CFEA6F005DF73F /* BallThumb.swift */; };
		5C6ED3D620CFF5A8005DF73F /* settingsCell.swift in Sources */ = {isa = PBXBuildFile; fileRef = 5C6ED3D520CFF5A8005DF73F /* settingsCell.swift */; };
		5C6F538020E0A8D90037748F /* menuView.swift in Sources */ = {isa = PBXBuildFile; fileRef = 5C6F537F20E0A8D90037748F /* menuView.swift */; };
		5C6F538220E0A8F10037748F /* menuView.xib in Resources */ = {isa = PBXBuildFile; fileRef = 5C6F538120E0A8F10037748F /* menuView.xib */; };
		5C7160FC210F248A003E7D30 /* showItemViewController.swift in Sources */ = {isa = PBXBuildFile; fileRef = 5C7160FB210F248A003E7D30 /* showItemViewController.swift */; };
		5C730C522120127300467711 /* predictMatchViewController.swift in Sources */ = {isa = PBXBuildFile; fileRef = 5C730C512120127300467711 /* predictMatchViewController.swift */; };
		5C730C54212017F600467711 /* todayCell.swift in Sources */ = {isa = PBXBuildFile; fileRef = 5C730C53212017F600467711 /* todayCell.swift */; };
		5C730C562120187A00467711 /* predictLeaderBoardCell.swift in Sources */ = {isa = PBXBuildFile; fileRef = 5C730C552120187A00467711 /* predictLeaderBoardCell.swift */; };
		5C765C2520D7B36E0026539E /* readAndWritetblMatchTypes.swift in Sources */ = {isa = PBXBuildFile; fileRef = 5C765C2420D7B36E0026539E /* readAndWritetblMatchTypes.swift */; };
		5C7CFAF620F0B9FE009CE8FE /* matchTypesDownload.swift in Sources */ = {isa = PBXBuildFile; fileRef = 5C7CFAF520F0B9FE009CE8FE /* matchTypesDownload.swift */; };
		5C80B42620E74B04000E5035 /* allAlerts.swift in Sources */ = {isa = PBXBuildFile; fileRef = 5C80B42520E74B04000E5035 /* allAlerts.swift */; };
		5C80B42820E7536B000E5035 /* alertTypeChooseCell.swift in Sources */ = {isa = PBXBuildFile; fileRef = 5C80B42720E7536B000E5035 /* alertTypeChooseCell.swift */; };
		5C84D4F420CCFD2500A9DC67 /* AppDelegate.swift in Sources */ = {isa = PBXBuildFile; fileRef = 5C84D4F320CCFD2500A9DC67 /* AppDelegate.swift */; };
		5C84D4F620CCFD2500A9DC67 /* ViewController.swift in Sources */ = {isa = PBXBuildFile; fileRef = 5C84D4F520CCFD2500A9DC67 /* ViewController.swift */; };
		5C84D4F920CCFD2500A9DC67 /* Main.storyboard in Resources */ = {isa = PBXBuildFile; fileRef = 5C84D4F720CCFD2500A9DC67 /* Main.storyboard */; };
		5C84D4FB20CCFD2700A9DC67 /* Assets.xcassets in Resources */ = {isa = PBXBuildFile; fileRef = 5C84D4FA20CCFD2700A9DC67 /* Assets.xcassets */; };
		5C84D4FE20CCFD2700A9DC67 /* LaunchScreen.storyboard in Resources */ = {isa = PBXBuildFile; fileRef = 5C84D4FC20CCFD2700A9DC67 /* LaunchScreen.storyboard */; };
		5C84D50620CCFD7700A9DC67 /* BTrafcBd.ttf in Resources */ = {isa = PBXBuildFile; fileRef = 5C84D50520CCFD7700A9DC67 /* BTrafcBd.ttf */; };
		5C84D50E20CCFED500A9DC67 /* iPad.storyboard in Resources */ = {isa = PBXBuildFile; fileRef = 5C84D50920CCFED500A9DC67 /* iPad.storyboard */; };
		5C84D50F20CCFED500A9DC67 /* loadingViewController.swift in Sources */ = {isa = PBXBuildFile; fileRef = 5C84D50A20CCFED500A9DC67 /* loadingViewController.swift */; };
		5C84D51020CCFED500A9DC67 /* RoundButton.swift in Sources */ = {isa = PBXBuildFile; fileRef = 5C84D50B20CCFED500A9DC67 /* RoundButton.swift */; };
		5C84D51120CCFED500A9DC67 /* publicExtension.swift in Sources */ = {isa = PBXBuildFile; fileRef = 5C84D50C20CCFED500A9DC67 /* publicExtension.swift */; };
		5C84D51220CCFED500A9DC67 /* iPhoneX.storyboard in Resources */ = {isa = PBXBuildFile; fileRef = 5C84D50D20CCFED500A9DC67 /* iPhoneX.storyboard */; };
		5C84D51620CCFF7100A9DC67 /* menuButtonCell.swift in Sources */ = {isa = PBXBuildFile; fileRef = 5C84D51320CCFF7100A9DC67 /* menuButtonCell.swift */; };
		5C84D51720CCFF7100A9DC67 /* pageVC.swift in Sources */ = {isa = PBXBuildFile; fileRef = 5C84D51420CCFF7100A9DC67 /* pageVC.swift */; };
		5C84D51820CCFF7100A9DC67 /* mainPageViewController.swift in Sources */ = {isa = PBXBuildFile; fileRef = 5C84D51520CCFF7100A9DC67 /* mainPageViewController.swift */; };
		5C84D51B20CCFF9B00A9DC67 /* StoreViewController.swift in Sources */ = {isa = PBXBuildFile; fileRef = 5C84D51920CCFF9A00A9DC67 /* StoreViewController.swift */; };
		5C84D51C20CCFF9B00A9DC67 /* storeCell.swift in Sources */ = {isa = PBXBuildFile; fileRef = 5C84D51A20CCFF9A00A9DC67 /* storeCell.swift */; };
		5C84D51E20CCFFBE00A9DC67 /* challengesViewController.swift in Sources */ = {isa = PBXBuildFile; fileRef = 5C84D51D20CCFFBE00A9DC67 /* challengesViewController.swift */; };
		5C84D52320CCFFE600A9DC67 /* GradientView.swift in Sources */ = {isa = PBXBuildFile; fileRef = 5C84D51F20CCFFE500A9DC67 /* GradientView.swift */; };
		5C84D52420CCFFE600A9DC67 /* startMatchCell.swift in Sources */ = {isa = PBXBuildFile; fileRef = 5C84D52020CCFFE600A9DC67 /* startMatchCell.swift */; };
		5C84D52520CCFFE600A9DC67 /* matchViewController.swift in Sources */ = {isa = PBXBuildFile; fileRef = 5C84D52120CCFFE600A9DC67 /* matchViewController.swift */; };
		5C84D52620CCFFE600A9DC67 /* startMatchViewController.swift in Sources */ = {isa = PBXBuildFile; fileRef = 5C84D52220CCFFE600A9DC67 /* startMatchViewController.swift */; };
		5C84D52920CCFFEE00A9DC67 /* achievementsCell.swift in Sources */ = {isa = PBXBuildFile; fileRef = 5C84D52720CCFFEE00A9DC67 /* achievementsCell.swift */; };
		5C84D52A20CCFFEE00A9DC67 /* menuViewController.swift in Sources */ = {isa = PBXBuildFile; fileRef = 5C84D52820CCFFEE00A9DC67 /* menuViewController.swift */; };
		5C84D52D20CCFFFF00A9DC67 /* gamesCell.swift in Sources */ = {isa = PBXBuildFile; fileRef = 5C84D52B20CCFFFF00A9DC67 /* gamesCell.swift */; };
		5C84D52E20CCFFFF00A9DC67 /* GamesList.swift in Sources */ = {isa = PBXBuildFile; fileRef = 5C84D52C20CCFFFF00A9DC67 /* GamesList.swift */; };
		5C84D53020CD000D00A9DC67 /* GroupsViewController.swift in Sources */ = {isa = PBXBuildFile; fileRef = 5C84D52F20CD000D00A9DC67 /* GroupsViewController.swift */; };
		5C963AC620F4A814009DB6A6 /* mainMatchFieldViewController.swift in Sources */ = {isa = PBXBuildFile; fileRef = 5C963AC520F4A814009DB6A6 /* mainMatchFieldViewController.swift */; };
		5C9FFCD620D8D1F3007A11C0 /* WritetblMatchTypes.swift in Sources */ = {isa = PBXBuildFile; fileRef = 5C9FFCD520D8D1F3007A11C0 /* WritetblMatchTypes.swift */; };
		5C9FFCDA20D8D59B007A11C0 /* tblShop.swift in Sources */ = {isa = PBXBuildFile; fileRef = 5C9FFCD920D8D59B007A11C0 /* tblShop.swift */; };
		5C9FFCDC20D8D613007A11C0 /* readAndWritetblShop.swift in Sources */ = {isa = PBXBuildFile; fileRef = 5C9FFCDB20D8D613007A11C0 /* readAndWritetblShop.swift */; };
		5C9FFCDE20D8D674007A11C0 /* WritetblShop.swift in Sources */ = {isa = PBXBuildFile; fileRef = 5C9FFCDD20D8D674007A11C0 /* WritetblShop.swift */; };
		5C9FFCE220D8DBCA007A11C0 /* tblChargeTypes.swift in Sources */ = {isa = PBXBuildFile; fileRef = 5C9FFCE120D8DBCA007A11C0 /* tblChargeTypes.swift */; };
		5C9FFCE420D8DC20007A11C0 /* readAndWritetblChargeTypes.swift in Sources */ = {isa = PBXBuildFile; fileRef = 5C9FFCE320D8DC20007A11C0 /* readAndWritetblChargeTypes.swift */; };
		5C9FFCE620D8DC3F007A11C0 /* WritetblChargeTypes.swift in Sources */ = {isa = PBXBuildFile; fileRef = 5C9FFCE520D8DC3F007A11C0 /* WritetblChargeTypes.swift */; };
		5C9FFCEB20D8E811007A11C0 /* tblStadiums.swift in Sources */ = {isa = PBXBuildFile; fileRef = 5C9FFCEA20D8E811007A11C0 /* tblStadiums.swift */; };
		5C9FFCED20D8E82B007A11C0 /* readAndWritetblStadiums.swift in Sources */ = {isa = PBXBuildFile; fileRef = 5C9FFCEC20D8E82B007A11C0 /* readAndWritetblStadiums.swift */; };
		5C9FFCEF20D8E842007A11C0 /* WritetblStadiums.swift in Sources */ = {isa = PBXBuildFile; fileRef = 5C9FFCEE20D8E842007A11C0 /* WritetblStadiums.swift */; };
		5C9FFCF220D8F3FB007A11C0 /* login.swift in Sources */ = {isa = PBXBuildFile; fileRef = 5C9FFCF120D8F3FB007A11C0 /* login.swift */; };
		5C9FFCF420D8F6FA007A11C0 /* loginStructure.swift in Sources */ = {isa = PBXBuildFile; fileRef = 5C9FFCF320D8F6FA007A11C0 /* loginStructure.swift */; };
		5C9FFCF620D8F74C007A11C0 /* loginMainInfo.swift in Sources */ = {isa = PBXBuildFile; fileRef = 5C9FFCF520D8F74C007A11C0 /* loginMainInfo.swift */; };
		5CA52BF320E0B10800A58AFF /* menuCell.swift in Sources */ = {isa = PBXBuildFile; fileRef = 5CA52BF120E0B10800A58AFF /* menuCell.swift */; };
		5CA52BF420E0B10800A58AFF /* menuCell.xib in Resources */ = {isa = PBXBuildFile; fileRef = 5CA52BF220E0B10800A58AFF /* menuCell.xib */; };
		5CA52BF720E0BFB000A58AFF /* giftsAndChargesViewController.swift in Sources */ = {isa = PBXBuildFile; fileRef = 5CA52BF620E0BFB000A58AFF /* giftsAndChargesViewController.swift */; };
		5CA52BF920E0CE8700A58AFF /* gift.swift in Sources */ = {isa = PBXBuildFile; fileRef = 5CA52BF820E0CE8700A58AFF /* gift.swift */; };
		5CADF1E120D0DFC8001A24FD /* googleEntranceCell.swift in Sources */ = {isa = PBXBuildFile; fileRef = 5CADF1E020D0DFC8001A24FD /* googleEntranceCell.swift */; };
		5CAEEFEB20D6325B00514842 /* PubProc.swift in Sources */ = {isa = PBXBuildFile; fileRef = 5CAEEFEA20D6325B00514842 /* PubProc.swift */; };
		5CAEEFEE20D6404B00514842 /* gameDataModel.swift in Sources */ = {isa = PBXBuildFile; fileRef = 5CAEEFED20D6404B00514842 /* gameDataModel.swift */; };
		5CAEEFF020D644EA00514842 /* gameTypes.swift in Sources */ = {isa = PBXBuildFile; fileRef = 5CAEEFEF20D644EA00514842 /* gameTypes.swift */; };
		5CAEEFF220D646BC00514842 /* gameRewards.swift in Sources */ = {isa = PBXBuildFile; fileRef = 5CAEEFF120D646BC00514842 /* gameRewards.swift */; };
		5CAEEFF420D647B600514842 /* gameLeagues.swift in Sources */ = {isa = PBXBuildFile; fileRef = 5CAEEFF320D647B600514842 /* gameLeagues.swift */; };
		5CAEEFF620D6481800514842 /* gameCharge.swift in Sources */ = {isa = PBXBuildFile; fileRef = 5CAEEFF520D6481800514842 /* gameCharge.swift */; };
		5CAEEFF820D6486A00514842 /* stadiumData.swift in Sources */ = {isa = PBXBuildFile; fileRef = 5CAEEFF720D6486A00514842 /* stadiumData.swift */; };
		5CAEEFFA20D648BC00514842 /* userXps.swift in Sources */ = {isa = PBXBuildFile; fileRef = 5CAEEFF920D648BC00514842 /* userXps.swift */; };
		5CAEEFFC20D648FD00514842 /* giftRewards.swift in Sources */ = {isa = PBXBuildFile; fileRef = 5CAEEFFB20D648FD00514842 /* giftRewards.swift */; };
		5CBB992520DE08A900C17884 /* loadShop.swift in Sources */ = {isa = PBXBuildFile; fileRef = 5CBB992420DE08A900C17884 /* loadShop.swift */; };
		5CBB992720DE095300C17884 /* loadShopStructure.swift in Sources */ = {isa = PBXBuildFile; fileRef = 5CBB992620DE095300C17884 /* loadShopStructure.swift */; };
		5CBB992920DE0AA000C17884 /* loadShopItems.swift in Sources */ = {isa = PBXBuildFile; fileRef = 5CBB992820DE0AA000C17884 /* loadShopItems.swift */; };
		5CBB992B20DE0B4900C17884 /* loadShopPackage_awards.swift in Sources */ = {isa = PBXBuildFile; fileRef = 5CBB992A20DE0B4900C17884 /* loadShopPackage_awards.swift */; };
		5CBB993020DE1D2B00C17884 /* loadingAchievements.swift in Sources */ = {isa = PBXBuildFile; fileRef = 5CBB992F20DE1D2B00C17884 /* loadingAchievements.swift */; };
		5CBB993220DE1D8400C17884 /* loadingAchievementsStructure.swift in Sources */ = {isa = PBXBuildFile; fileRef = 5CBB993120DE1D8300C17884 /* loadingAchievementsStructure.swift */; };
		5CBB993520DE23D000C17884 /* loadMassages.swift in Sources */ = {isa = PBXBuildFile; fileRef = 5CBB993420DE23D000C17884 /* loadMassages.swift */; };
		5CBB993720DE23F500C17884 /* loadMassagesStructure.swift in Sources */ = {isa = PBXBuildFile; fileRef = 5CBB993620DE23F500C17884 /* loadMassagesStructure.swift */; };
		5CBB993A20DE25A100C17884 /* loadingSetting.swift in Sources */ = {isa = PBXBuildFile; fileRef = 5CBB993920DE25A100C17884 /* loadingSetting.swift */; };
		5CBB993C20DE25BF00C17884 /* loadingSettingStructure.swift in Sources */ = {isa = PBXBuildFile; fileRef = 5CBB993B20DE25BF00C17884 /* loadingSettingStructure.swift */; };
		5CC4045220E2074300EC97FF /* gameCharges.swift in Sources */ = {isa = PBXBuildFile; fileRef = 5CC4045120E2074300EC97FF /* gameCharges.swift */; };
		5CC4045520E2222300EC97FF /* menuAlertViewController.swift in Sources */ = {isa = PBXBuildFile; fileRef = 5CC4045420E2222300EC97FF /* menuAlertViewController.swift */; };
		5CC4045920E2223F00EC97FF /* menuAlert.xib in Resources */ = {isa = PBXBuildFile; fileRef = 5CC4045820E2223F00EC97FF /* menuAlert.xib */; };
		5CC4045B20E22EC100EC97FF /* menuAlert.swift in Sources */ = {isa = PBXBuildFile; fileRef = 5CC4045A20E22EC100EC97FF /* menuAlert.swift */; };
		5CC5DC3E20E9E0EE006F2855 /* DesignableView.swift in Sources */ = {isa = PBXBuildFile; fileRef = 5CC5DC3D20E9E0EE006F2855 /* DesignableView.swift */; };
		5CC5DC4020E9FBA4006F2855 /* friendList.swift in Sources */ = {isa = PBXBuildFile; fileRef = 5CC5DC3F20E9FBA4006F2855 /* friendList.swift */; };
		5CC5DC4220EA0448006F2855 /* profileButtonsCell.swift in Sources */ = {isa = PBXBuildFile; fileRef = 5CC5DC4120EA0448006F2855 /* profileButtonsCell.swift */; };
		5CC7AEA121073D67000F39A6 /* usersSearchLists.swift in Sources */ = {isa = PBXBuildFile; fileRef = 5CC7AEA021073D67000F39A6 /* usersSearchLists.swift */; };
		5CCAA0B72122CB1200BA6387 /* Swift+Gif.swift in Sources */ = {isa = PBXBuildFile; fileRef = 5CCAA0B62122CB1200BA6387 /* Swift+Gif.swift */; };
		5CCB9BCB20F1D51000B92355 /* urls.swift in Sources */ = {isa = PBXBuildFile; fileRef = 5CCB9BCA20F1D51000B92355 /* urls.swift */; };
		5CCB9BCE20F1DBA300B92355 /* selectCategoryViewController.swift in Sources */ = {isa = PBXBuildFile; fileRef = 5CCB9BCD20F1DBA200B92355 /* selectCategoryViewController.swift */; };
		5CCB9BD020F1DFB400B92355 /* selectCategoryCell.swift in Sources */ = {isa = PBXBuildFile; fileRef = 5CCB9BCF20F1DFB400B92355 /* selectCategoryCell.swift */; };
		5CE8507520F5CC8300BB303A /* beep.mp3 in Resources */ = {isa = PBXBuildFile; fileRef = 5CE8507420F5CC8300BB303A /* beep.mp3 */; };
		5CE8507720F5D98500BB303A /* questionsList.swift in Sources */ = {isa = PBXBuildFile; fileRef = 5CE8507620F5D98500BB303A /* questionsList.swift */; };
		5CE8507A20F5FCB900BB303A /* correctAnswer.mp3 in Resources */ = {isa = PBXBuildFile; fileRef = 5CE8507820F5FCB900BB303A /* correctAnswer.mp3 */; };
		5CE8507B20F5FCB900BB303A /* wrong_answer.wav in Resources */ = {isa = PBXBuildFile; fileRef = 5CE8507920F5FCB900BB303A /* wrong_answer.wav */; };
		5CF96F28213D3E6400B15CC7 /* massageViewController.swift in Sources */ = {isa = PBXBuildFile; fileRef = 5CF96F27213D3E6400B15CC7 /* massageViewController.swift */; };
		5CFF0C7121283C0B007DF3EB /* predictOneMatchViewController.swift in Sources */ = {isa = PBXBuildFile; fileRef = 5CFF0C7021283C0B007DF3EB /* predictOneMatchViewController.swift */; };
		DA43467F46209DB4E9C5B9DE /* Pods_footbalika.framework in Frameworks */ = {isa = PBXBuildFile; fileRef = 92AE449EB012E59CD33A9860 /* Pods_footbalika.framework */; };
/* End PBXBuildFile section */

/* Begin PBXCopyFilesBuildPhase section */
		5CCD52FA211ED3A800E43A7E /* Embed Frameworks */ = {
			isa = PBXCopyFilesBuildPhase;
			buildActionMask = 2147483647;
			dstPath = "";
			dstSubfolderSpec = 10;
			files = (
			);
			name = "Embed Frameworks";
			runOnlyForDeploymentPostprocessing = 0;
		};
/* End PBXCopyFilesBuildPhase section */

/* Begin PBXFileReference section */
		5C07FF7821326F0900E8C0A1 /* changeUserNameAndPasswordCell.swift */ = {isa = PBXFileReference; lastKnownFileType = sourcecode.swift; path = changeUserNameAndPasswordCell.swift; sourceTree = "<group>"; };
		5C07FF7B2132821A00E8C0A1 /* changePassAndUserNameViewController.swift */ = {isa = PBXFileReference; lastKnownFileType = sourcecode.swift; path = changePassAndUserNameViewController.swift; sourceTree = "<group>"; };
		5C0FB795211AC85600A7DA3A /* buy_item.mp3 */ = {isa = PBXFileReference; lastKnownFileType = audio.mp3; path = buy_item.mp3; sourceTree = "<group>"; };
		5C12535F20F0C4A6005A64E8 /* chargeTypesDownload.swift */ = {isa = PBXFileReference; lastKnownFileType = sourcecode.swift; path = chargeTypesDownload.swift; sourceTree = "<group>"; };
		5C12536120F0C4FE005A64E8 /* stadiumDataDownload.swift */ = {isa = PBXFileReference; lastKnownFileType = sourcecode.swift; path = stadiumDataDownload.swift; sourceTree = "<group>"; };
		5C15C89D20EA130C0024E66C /* connectionView.xib */ = {isa = PBXFileReference; lastKnownFileType = file.xib; path = connectionView.xib; sourceTree = "<group>"; };
		5C15C89F20EA131C0024E66C /* connectionView.swift */ = {isa = PBXFileReference; lastKnownFileType = sourcecode.swift; path = connectionView.swift; sourceTree = "<group>"; };
		5C1AAAFA20EC9BEE002A2EEA /* downloadAssets.swift */ = {isa = PBXFileReference; lastKnownFileType = sourcecode.swift; path = downloadAssets.swift; sourceTree = "<group>"; };
		5C1D232B20F4CE6A00A6C126 /* whistle.mp3 */ = {isa = PBXFileReference; lastKnownFileType = audio.mp3; path = whistle.mp3; sourceTree = "<group>"; };
		5C1D232D20F4D09D00A6C126 /* quize.mp3 */ = {isa = PBXFileReference; lastKnownFileType = audio.mp3; path = quize.mp3; sourceTree = "<group>"; };
		5C20C1D72105EB0F00930531 /* friendCell.swift */ = {isa = PBXFileReference; lastKnownFileType = sourcecode.swift; path = friendCell.swift; sourceTree = "<group>"; };
		5C2181E22136751400D086C5 /* loginPageViewController.swift */ = {isa = PBXFileReference; lastKnownFileType = sourcecode.swift; path = loginPageViewController.swift; sourceTree = "<group>"; };
		5C234EFD20FA08FE00926611 /* last_ticking.mp3 */ = {isa = PBXFileReference; lastKnownFileType = audio.mp3; path = last_ticking.mp3; sourceTree = "<group>"; };
		5C234EFF20FA105500926611 /* referee_whistle_end.mp3 */ = {isa = PBXFileReference; lastKnownFileType = audio.mp3; path = referee_whistle_end.mp3; sourceTree = "<group>"; };
		5C2377DB2116E7640040DC93 /* ItemViewController.swift */ = {isa = PBXFileReference; lastKnownFileType = sourcecode.swift; path = ItemViewController.swift; sourceTree = "<group>"; };
		5C27141F20E89E0C008F1E37 /* profile2Cell.swift */ = {isa = PBXFileReference; lastKnownFileType = sourcecode.swift; path = profile2Cell.swift; sourceTree = "<group>"; };
		5C27142120E8AB4D008F1E37 /* profile3Cell.swift */ = {isa = PBXFileReference; lastKnownFileType = sourcecode.swift; path = profile3Cell.swift; sourceTree = "<group>"; };
		5C27142320E8B504008F1E37 /* profile4Cell.swift */ = {isa = PBXFileReference; lastKnownFileType = sourcecode.swift; path = profile4Cell.swift; sourceTree = "<group>"; };
		5C28D4612134202F003797B3 /* passChangeRes.swift */ = {isa = PBXFileReference; lastKnownFileType = sourcecode.swift; path = passChangeRes.swift; sourceTree = "<group>"; };
		5C2AC1AE20CFA3F10029F8CA /* menu.mp3 */ = {isa = PBXFileReference; lastKnownFileType = audio.mp3; path = menu.mp3; sourceTree = "<group>"; };
		5C2AC1B020CFA76C0029F8CA /* click.mp3 */ = {isa = PBXFileReference; lastKnownFileType = audio.mp3; path = click.mp3; sourceTree = "<group>"; };
		5C2AEF4E20DE715B00C5EEA6 /* leaguesViewController.swift */ = {isa = PBXFileReference; lastKnownFileType = sourcecode.swift; path = leaguesViewController.swift; sourceTree = "<group>"; };
		5C2AEF5020DE73AF00C5EEA6 /* leagueCell.swift */ = {isa = PBXFileReference; lastKnownFileType = sourcecode.swift; path = leagueCell.swift; sourceTree = "<group>"; };
		5C30B2E520E7A8D50008CDAA /* profile1Cell.swift */ = {isa = PBXFileReference; lastKnownFileType = sourcecode.swift; path = profile1Cell.swift; sourceTree = "<group>"; };
		5C3418A420EB6C50001F93A4 /* menuAlert2Buttons.xib */ = {isa = PBXFileReference; lastKnownFileType = file.xib; path = menuAlert2Buttons.xib; sourceTree = "<group>"; };
		5C3418A620EB6C85001F93A4 /* menuAlert2Buttons.swift */ = {isa = PBXFileReference; lastKnownFileType = sourcecode.swift; path = menuAlert2Buttons.swift; sourceTree = "<group>"; };
		5C3418A820EB6D01001F93A4 /* menuAlert2ButtonsViewController.swift */ = {isa = PBXFileReference; lastKnownFileType = sourcecode.swift; path = menuAlert2ButtonsViewController.swift; sourceTree = "<group>"; };
		5C3418AA20EB85F4001F93A4 /* matchDetails.swift */ = {isa = PBXFileReference; lastKnownFileType = sourcecode.swift; path = matchDetails.swift; sourceTree = "<group>"; };
		5C34C91620CFD6CF0095B968 /* achievementsViewController.swift */ = {isa = PBXFileReference; lastKnownFileType = sourcecode.swift; path = achievementsViewController.swift; sourceTree = "<group>"; };
		5C35D13B210DDD7B0086A414 /* shopDetailViewController.swift */ = {isa = PBXFileReference; lastKnownFileType = sourcecode.swift; path = shopDetailViewController.swift; sourceTree = "<group>"; };
		5C35D13D210DDD950086A414 /* shopDetailCell.swift */ = {isa = PBXFileReference; lastKnownFileType = sourcecode.swift; path = shopDetailCell.swift; sourceTree = "<group>"; };
		5C3B27992104663500150FB2 /* gamesList.swift */ = {isa = PBXFileReference; lastKnownFileType = sourcecode.swift; path = gamesList.swift; sourceTree = "<group>"; };
		5C3CFFEF212BF8B600D45411 /* collectItem.mp3 */ = {isa = PBXFileReference; lastKnownFileType = audio.mp3; path = collectItem.mp3; sourceTree = "<group>"; };
		5C42A6B2210D8D3200890149 /* downloadShop.swift */ = {isa = PBXFileReference; lastKnownFileType = sourcecode.swift; path = downloadShop.swift; sourceTree = "<group>"; };
		5C42A6B4210D909B00890149 /* shopDownload.swift */ = {isa = PBXFileReference; lastKnownFileType = sourcecode.swift; path = shopDownload.swift; sourceTree = "<group>"; };
		5C430DDD20E3581E001C155B /* leaderBoardCell.swift */ = {isa = PBXFileReference; lastKnownFileType = sourcecode.swift; path = leaderBoardCell.swift; sourceTree = "<group>"; };
		5C430DDF20E3659D001C155B /* leaderBoard.swift */ = {isa = PBXFileReference; lastKnownFileType = sourcecode.swift; path = leaderBoard.swift; sourceTree = "<group>"; };
		5C43CC2620D772D900E25F57 /* tblMatchTypes.swift */ = {isa = PBXFileReference; lastKnownFileType = sourcecode.swift; path = tblMatchTypes.swift; sourceTree = "<group>"; };
		5C43E0BF20E3A068003D2157 /* alertType1Cell.swift */ = {isa = PBXFileReference; lastKnownFileType = sourcecode.swift; path = alertType1Cell.swift; sourceTree = "<group>"; };
		5C4E36E020D911AE00B1DAB0 /* loginnots_achv.swift */ = {isa = PBXFileReference; lastKnownFileType = sourcecode.swift; path = loginnots_achv.swift; sourceTree = "<group>"; };
		5C4E36E220D9122C00B1DAB0 /* loginFavoriteteams.swift */ = {isa = PBXFileReference; lastKnownFileType = sourcecode.swift; path = loginFavoriteteams.swift; sourceTree = "<group>"; };
		5C503559210710640025B699 /* noFriendCell.swift */ = {isa = PBXFileReference; lastKnownFileType = sourcecode.swift; path = noFriendCell.swift; sourceTree = "<group>"; };
		5C50355B21071A680025B699 /* searchFriendsCell.swift */ = {isa = PBXFileReference; lastKnownFileType = sourcecode.swift; path = searchFriendsCell.swift; sourceTree = "<group>"; };
		5C523CC62121AF3500642077 /* waitingBall.swift */ = {isa = PBXFileReference; lastKnownFileType = sourcecode.swift; path = waitingBall.swift; sourceTree = "<group>"; };
		5C523CC82121AF4500642077 /* waitingBall.xib */ = {isa = PBXFileReference; lastKnownFileType = file.xib; path = waitingBall.xib; sourceTree = "<group>"; };
		5C523CCA2121AFD100642077 /* progress.gif */ = {isa = PBXFileReference; lastKnownFileType = image.gif; path = progress.gif; sourceTree = "<group>"; };
		5C67B1262127F133000D5ADD /* prediction.swift */ = {isa = PBXFileReference; lastKnownFileType = sourcecode.swift; path = prediction.swift; sourceTree = "<group>"; };
		5C67B1282127FA46000D5ADD /* predictionLeaderBoard.swift */ = {isa = PBXFileReference; lastKnownFileType = sourcecode.swift; path = predictionLeaderBoard.swift; sourceTree = "<group>"; };
		5C6ED3D320CFEA6F005DF73F /* BallThumb.swift */ = {isa = PBXFileReference; lastKnownFileType = sourcecode.swift; path = BallThumb.swift; sourceTree = "<group>"; };
		5C6ED3D520CFF5A8005DF73F /* settingsCell.swift */ = {isa = PBXFileReference; lastKnownFileType = sourcecode.swift; path = settingsCell.swift; sourceTree = "<group>"; };
		5C6F537F20E0A8D90037748F /* menuView.swift */ = {isa = PBXFileReference; lastKnownFileType = sourcecode.swift; path = menuView.swift; sourceTree = "<group>"; };
		5C6F538120E0A8F10037748F /* menuView.xib */ = {isa = PBXFileReference; lastKnownFileType = file.xib; path = menuView.xib; sourceTree = "<group>"; };
		5C7160FB210F248A003E7D30 /* showItemViewController.swift */ = {isa = PBXFileReference; lastKnownFileType = sourcecode.swift; path = showItemViewController.swift; sourceTree = "<group>"; };
		5C730C512120127300467711 /* predictMatchViewController.swift */ = {isa = PBXFileReference; lastKnownFileType = sourcecode.swift; path = predictMatchViewController.swift; sourceTree = "<group>"; };
		5C730C53212017F600467711 /* todayCell.swift */ = {isa = PBXFileReference; lastKnownFileType = sourcecode.swift; path = todayCell.swift; sourceTree = "<group>"; };
		5C730C552120187A00467711 /* predictLeaderBoardCell.swift */ = {isa = PBXFileReference; lastKnownFileType = sourcecode.swift; path = predictLeaderBoardCell.swift; sourceTree = "<group>"; };
		5C765C2420D7B36E0026539E /* readAndWritetblMatchTypes.swift */ = {isa = PBXFileReference; lastKnownFileType = sourcecode.swift; path = readAndWritetblMatchTypes.swift; sourceTree = "<group>"; };
		5C7CFAF520F0B9FE009CE8FE /* matchTypesDownload.swift */ = {isa = PBXFileReference; lastKnownFileType = sourcecode.swift; path = matchTypesDownload.swift; sourceTree = "<group>"; };
		5C80B42520E74B04000E5035 /* allAlerts.swift */ = {isa = PBXFileReference; lastKnownFileType = sourcecode.swift; path = allAlerts.swift; sourceTree = "<group>"; };
		5C80B42720E7536B000E5035 /* alertTypeChooseCell.swift */ = {isa = PBXFileReference; lastKnownFileType = sourcecode.swift; path = alertTypeChooseCell.swift; sourceTree = "<group>"; };
		5C84D4F020CCFD2500A9DC67 /* footbalika.app */ = {isa = PBXFileReference; explicitFileType = wrapper.application; includeInIndex = 0; path = footbalika.app; sourceTree = BUILT_PRODUCTS_DIR; };
		5C84D4F320CCFD2500A9DC67 /* AppDelegate.swift */ = {isa = PBXFileReference; lastKnownFileType = sourcecode.swift; path = AppDelegate.swift; sourceTree = "<group>"; };
		5C84D4F520CCFD2500A9DC67 /* ViewController.swift */ = {isa = PBXFileReference; lastKnownFileType = sourcecode.swift; path = ViewController.swift; sourceTree = "<group>"; };
		5C84D4F820CCFD2500A9DC67 /* Base */ = {isa = PBXFileReference; lastKnownFileType = file.storyboard; name = Base; path = Base.lproj/Main.storyboard; sourceTree = "<group>"; };
		5C84D4FA20CCFD2700A9DC67 /* Assets.xcassets */ = {isa = PBXFileReference; lastKnownFileType = folder.assetcatalog; path = Assets.xcassets; sourceTree = "<group>"; };
		5C84D4FD20CCFD2700A9DC67 /* Base */ = {isa = PBXFileReference; lastKnownFileType = file.storyboard; name = Base; path = Base.lproj/LaunchScreen.storyboard; sourceTree = "<group>"; };
		5C84D4FF20CCFD2700A9DC67 /* Info.plist */ = {isa = PBXFileReference; lastKnownFileType = text.plist.xml; path = Info.plist; sourceTree = "<group>"; };
		5C84D50520CCFD7700A9DC67 /* BTrafcBd.ttf */ = {isa = PBXFileReference; lastKnownFileType = file; path = BTrafcBd.ttf; sourceTree = "<group>"; };
		5C84D50920CCFED500A9DC67 /* iPad.storyboard */ = {isa = PBXFileReference; fileEncoding = 4; lastKnownFileType = file.storyboard; path = iPad.storyboard; sourceTree = "<group>"; };
		5C84D50A20CCFED500A9DC67 /* loadingViewController.swift */ = {isa = PBXFileReference; fileEncoding = 4; lastKnownFileType = sourcecode.swift; path = loadingViewController.swift; sourceTree = "<group>"; };
		5C84D50B20CCFED500A9DC67 /* RoundButton.swift */ = {isa = PBXFileReference; fileEncoding = 4; lastKnownFileType = sourcecode.swift; path = RoundButton.swift; sourceTree = "<group>"; };
		5C84D50C20CCFED500A9DC67 /* publicExtension.swift */ = {isa = PBXFileReference; fileEncoding = 4; lastKnownFileType = sourcecode.swift; path = publicExtension.swift; sourceTree = "<group>"; };
		5C84D50D20CCFED500A9DC67 /* iPhoneX.storyboard */ = {isa = PBXFileReference; fileEncoding = 4; lastKnownFileType = file.storyboard; path = iPhoneX.storyboard; sourceTree = "<group>"; };
		5C84D51320CCFF7100A9DC67 /* menuButtonCell.swift */ = {isa = PBXFileReference; fileEncoding = 4; lastKnownFileType = sourcecode.swift; path = menuButtonCell.swift; sourceTree = "<group>"; };
		5C84D51420CCFF7100A9DC67 /* pageVC.swift */ = {isa = PBXFileReference; fileEncoding = 4; lastKnownFileType = sourcecode.swift; path = pageVC.swift; sourceTree = "<group>"; };
		5C84D51520CCFF7100A9DC67 /* mainPageViewController.swift */ = {isa = PBXFileReference; fileEncoding = 4; lastKnownFileType = sourcecode.swift; path = mainPageViewController.swift; sourceTree = "<group>"; };
		5C84D51920CCFF9A00A9DC67 /* StoreViewController.swift */ = {isa = PBXFileReference; fileEncoding = 4; lastKnownFileType = sourcecode.swift; path = StoreViewController.swift; sourceTree = "<group>"; };
		5C84D51A20CCFF9A00A9DC67 /* storeCell.swift */ = {isa = PBXFileReference; fileEncoding = 4; lastKnownFileType = sourcecode.swift; path = storeCell.swift; sourceTree = "<group>"; };
		5C84D51D20CCFFBE00A9DC67 /* challengesViewController.swift */ = {isa = PBXFileReference; fileEncoding = 4; lastKnownFileType = sourcecode.swift; path = challengesViewController.swift; sourceTree = "<group>"; };
		5C84D51F20CCFFE500A9DC67 /* GradientView.swift */ = {isa = PBXFileReference; fileEncoding = 4; lastKnownFileType = sourcecode.swift; path = GradientView.swift; sourceTree = "<group>"; };
		5C84D52020CCFFE600A9DC67 /* startMatchCell.swift */ = {isa = PBXFileReference; fileEncoding = 4; lastKnownFileType = sourcecode.swift; path = startMatchCell.swift; sourceTree = "<group>"; };
		5C84D52120CCFFE600A9DC67 /* matchViewController.swift */ = {isa = PBXFileReference; fileEncoding = 4; lastKnownFileType = sourcecode.swift; path = matchViewController.swift; sourceTree = "<group>"; };
		5C84D52220CCFFE600A9DC67 /* startMatchViewController.swift */ = {isa = PBXFileReference; fileEncoding = 4; lastKnownFileType = sourcecode.swift; path = startMatchViewController.swift; sourceTree = "<group>"; };
		5C84D52720CCFFEE00A9DC67 /* achievementsCell.swift */ = {isa = PBXFileReference; fileEncoding = 4; lastKnownFileType = sourcecode.swift; path = achievementsCell.swift; sourceTree = "<group>"; };
		5C84D52820CCFFEE00A9DC67 /* menuViewController.swift */ = {isa = PBXFileReference; fileEncoding = 4; lastKnownFileType = sourcecode.swift; path = menuViewController.swift; sourceTree = "<group>"; };
		5C84D52B20CCFFFF00A9DC67 /* gamesCell.swift */ = {isa = PBXFileReference; fileEncoding = 4; lastKnownFileType = sourcecode.swift; path = gamesCell.swift; sourceTree = "<group>"; };
		5C84D52C20CCFFFF00A9DC67 /* GamesList.swift */ = {isa = PBXFileReference; fileEncoding = 4; lastKnownFileType = sourcecode.swift; path = GamesList.swift; sourceTree = "<group>"; };
		5C84D52F20CD000D00A9DC67 /* GroupsViewController.swift */ = {isa = PBXFileReference; fileEncoding = 4; lastKnownFileType = sourcecode.swift; path = GroupsViewController.swift; sourceTree = "<group>"; };
		5C963AC520F4A814009DB6A6 /* mainMatchFieldViewController.swift */ = {isa = PBXFileReference; lastKnownFileType = sourcecode.swift; path = mainMatchFieldViewController.swift; sourceTree = "<group>"; };
		5C9FFCD520D8D1F3007A11C0 /* WritetblMatchTypes.swift */ = {isa = PBXFileReference; lastKnownFileType = sourcecode.swift; path = WritetblMatchTypes.swift; sourceTree = "<group>"; };
		5C9FFCD920D8D59B007A11C0 /* tblShop.swift */ = {isa = PBXFileReference; lastKnownFileType = sourcecode.swift; path = tblShop.swift; sourceTree = "<group>"; };
		5C9FFCDB20D8D613007A11C0 /* readAndWritetblShop.swift */ = {isa = PBXFileReference; lastKnownFileType = sourcecode.swift; path = readAndWritetblShop.swift; sourceTree = "<group>"; };
		5C9FFCDD20D8D674007A11C0 /* WritetblShop.swift */ = {isa = PBXFileReference; lastKnownFileType = sourcecode.swift; path = WritetblShop.swift; sourceTree = "<group>"; };
		5C9FFCE120D8DBCA007A11C0 /* tblChargeTypes.swift */ = {isa = PBXFileReference; lastKnownFileType = sourcecode.swift; path = tblChargeTypes.swift; sourceTree = "<group>"; };
		5C9FFCE320D8DC20007A11C0 /* readAndWritetblChargeTypes.swift */ = {isa = PBXFileReference; lastKnownFileType = sourcecode.swift; path = readAndWritetblChargeTypes.swift; sourceTree = "<group>"; };
		5C9FFCE520D8DC3F007A11C0 /* WritetblChargeTypes.swift */ = {isa = PBXFileReference; lastKnownFileType = sourcecode.swift; path = WritetblChargeTypes.swift; sourceTree = "<group>"; };
		5C9FFCEA20D8E811007A11C0 /* tblStadiums.swift */ = {isa = PBXFileReference; lastKnownFileType = sourcecode.swift; path = tblStadiums.swift; sourceTree = "<group>"; };
		5C9FFCEC20D8E82B007A11C0 /* readAndWritetblStadiums.swift */ = {isa = PBXFileReference; lastKnownFileType = sourcecode.swift; path = readAndWritetblStadiums.swift; sourceTree = "<group>"; };
		5C9FFCEE20D8E842007A11C0 /* WritetblStadiums.swift */ = {isa = PBXFileReference; lastKnownFileType = sourcecode.swift; path = WritetblStadiums.swift; sourceTree = "<group>"; };
		5C9FFCF120D8F3FB007A11C0 /* login.swift */ = {isa = PBXFileReference; lastKnownFileType = sourcecode.swift; path = login.swift; sourceTree = "<group>"; };
		5C9FFCF320D8F6FA007A11C0 /* loginStructure.swift */ = {isa = PBXFileReference; lastKnownFileType = sourcecode.swift; path = loginStructure.swift; sourceTree = "<group>"; };
		5C9FFCF520D8F74C007A11C0 /* loginMainInfo.swift */ = {isa = PBXFileReference; lastKnownFileType = sourcecode.swift; path = loginMainInfo.swift; sourceTree = "<group>"; };
		5CA52BF120E0B10800A58AFF /* menuCell.swift */ = {isa = PBXFileReference; lastKnownFileType = sourcecode.swift; path = menuCell.swift; sourceTree = "<group>"; };
		5CA52BF220E0B10800A58AFF /* menuCell.xib */ = {isa = PBXFileReference; lastKnownFileType = file.xib; path = menuCell.xib; sourceTree = "<group>"; };
		5CA52BF620E0BFB000A58AFF /* giftsAndChargesViewController.swift */ = {isa = PBXFileReference; lastKnownFileType = sourcecode.swift; path = giftsAndChargesViewController.swift; sourceTree = "<group>"; };
		5CA52BF820E0CE8700A58AFF /* gift.swift */ = {isa = PBXFileReference; lastKnownFileType = sourcecode.swift; path = gift.swift; sourceTree = "<group>"; };
		5CADF1E020D0DFC8001A24FD /* googleEntranceCell.swift */ = {isa = PBXFileReference; lastKnownFileType = sourcecode.swift; path = googleEntranceCell.swift; sourceTree = "<group>"; };
		5CAEEFEA20D6325B00514842 /* PubProc.swift */ = {isa = PBXFileReference; lastKnownFileType = sourcecode.swift; path = PubProc.swift; sourceTree = "<group>"; };
		5CAEEFED20D6404B00514842 /* gameDataModel.swift */ = {isa = PBXFileReference; lastKnownFileType = sourcecode.swift; path = gameDataModel.swift; sourceTree = "<group>"; };
		5CAEEFEF20D644EA00514842 /* gameTypes.swift */ = {isa = PBXFileReference; lastKnownFileType = sourcecode.swift; path = gameTypes.swift; sourceTree = "<group>"; };
		5CAEEFF120D646BC00514842 /* gameRewards.swift */ = {isa = PBXFileReference; lastKnownFileType = sourcecode.swift; path = gameRewards.swift; sourceTree = "<group>"; };
		5CAEEFF320D647B600514842 /* gameLeagues.swift */ = {isa = PBXFileReference; lastKnownFileType = sourcecode.swift; path = gameLeagues.swift; sourceTree = "<group>"; };
		5CAEEFF520D6481800514842 /* gameCharge.swift */ = {isa = PBXFileReference; lastKnownFileType = sourcecode.swift; path = gameCharge.swift; sourceTree = "<group>"; };
		5CAEEFF720D6486A00514842 /* stadiumData.swift */ = {isa = PBXFileReference; lastKnownFileType = sourcecode.swift; path = stadiumData.swift; sourceTree = "<group>"; };
		5CAEEFF920D648BC00514842 /* userXps.swift */ = {isa = PBXFileReference; lastKnownFileType = sourcecode.swift; path = userXps.swift; sourceTree = "<group>"; };
		5CAEEFFB20D648FD00514842 /* giftRewards.swift */ = {isa = PBXFileReference; lastKnownFileType = sourcecode.swift; path = giftRewards.swift; sourceTree = "<group>"; };
		5CBB992420DE08A900C17884 /* loadShop.swift */ = {isa = PBXFileReference; lastKnownFileType = sourcecode.swift; path = loadShop.swift; sourceTree = "<group>"; };
		5CBB992620DE095300C17884 /* loadShopStructure.swift */ = {isa = PBXFileReference; lastKnownFileType = sourcecode.swift; path = loadShopStructure.swift; sourceTree = "<group>"; };
		5CBB992820DE0AA000C17884 /* loadShopItems.swift */ = {isa = PBXFileReference; lastKnownFileType = sourcecode.swift; path = loadShopItems.swift; sourceTree = "<group>"; };
		5CBB992A20DE0B4900C17884 /* loadShopPackage_awards.swift */ = {isa = PBXFileReference; lastKnownFileType = sourcecode.swift; path = loadShopPackage_awards.swift; sourceTree = "<group>"; };
		5CBB992F20DE1D2B00C17884 /* loadingAchievements.swift */ = {isa = PBXFileReference; lastKnownFileType = sourcecode.swift; path = loadingAchievements.swift; sourceTree = "<group>"; };
		5CBB993120DE1D8300C17884 /* loadingAchievementsStructure.swift */ = {isa = PBXFileReference; lastKnownFileType = sourcecode.swift; path = loadingAchievementsStructure.swift; sourceTree = "<group>"; };
		5CBB993420DE23D000C17884 /* loadMassages.swift */ = {isa = PBXFileReference; lastKnownFileType = sourcecode.swift; path = loadMassages.swift; sourceTree = "<group>"; };
		5CBB993620DE23F500C17884 /* loadMassagesStructure.swift */ = {isa = PBXFileReference; lastKnownFileType = sourcecode.swift; path = loadMassagesStructure.swift; sourceTree = "<group>"; };
		5CBB993920DE25A100C17884 /* loadingSetting.swift */ = {isa = PBXFileReference; lastKnownFileType = sourcecode.swift; path = loadingSetting.swift; sourceTree = "<group>"; };
		5CBB993B20DE25BF00C17884 /* loadingSettingStructure.swift */ = {isa = PBXFileReference; lastKnownFileType = sourcecode.swift; path = loadingSettingStructure.swift; sourceTree = "<group>"; };
		5CC4045120E2074300EC97FF /* gameCharges.swift */ = {isa = PBXFileReference; lastKnownFileType = sourcecode.swift; path = gameCharges.swift; sourceTree = "<group>"; };
		5CC4045420E2222300EC97FF /* menuAlertViewController.swift */ = {isa = PBXFileReference; lastKnownFileType = sourcecode.swift; path = menuAlertViewController.swift; sourceTree = "<group>"; };
		5CC4045820E2223F00EC97FF /* menuAlert.xib */ = {isa = PBXFileReference; lastKnownFileType = file.xib; path = menuAlert.xib; sourceTree = "<group>"; };
		5CC4045A20E22EC100EC97FF /* menuAlert.swift */ = {isa = PBXFileReference; lastKnownFileType = sourcecode.swift; path = menuAlert.swift; sourceTree = "<group>"; };
		5CC5DC3D20E9E0EE006F2855 /* DesignableView.swift */ = {isa = PBXFileReference; lastKnownFileType = sourcecode.swift; path = DesignableView.swift; sourceTree = "<group>"; };
		5CC5DC3F20E9FBA4006F2855 /* friendList.swift */ = {isa = PBXFileReference; lastKnownFileType = sourcecode.swift; path = friendList.swift; sourceTree = "<group>"; };
		5CC5DC4120EA0448006F2855 /* profileButtonsCell.swift */ = {isa = PBXFileReference; lastKnownFileType = sourcecode.swift; path = profileButtonsCell.swift; sourceTree = "<group>"; };
		5CC7AEA021073D67000F39A6 /* usersSearchLists.swift */ = {isa = PBXFileReference; lastKnownFileType = sourcecode.swift; path = usersSearchLists.swift; sourceTree = "<group>"; };
		5CCAA0B62122CB1200BA6387 /* Swift+Gif.swift */ = {isa = PBXFileReference; lastKnownFileType = sourcecode.swift; path = "Swift+Gif.swift"; sourceTree = "<group>"; };
		5CCB9BCA20F1D51000B92355 /* urls.swift */ = {isa = PBXFileReference; lastKnownFileType = sourcecode.swift; path = urls.swift; sourceTree = "<group>"; };
		5CCB9BCD20F1DBA200B92355 /* selectCategoryViewController.swift */ = {isa = PBXFileReference; lastKnownFileType = sourcecode.swift; path = selectCategoryViewController.swift; sourceTree = "<group>"; };
		5CCB9BCF20F1DFB400B92355 /* selectCategoryCell.swift */ = {isa = PBXFileReference; lastKnownFileType = sourcecode.swift; path = selectCategoryCell.swift; sourceTree = "<group>"; };
		5CE8507420F5CC8300BB303A /* beep.mp3 */ = {isa = PBXFileReference; lastKnownFileType = audio.mp3; path = beep.mp3; sourceTree = "<group>"; };
		5CE8507620F5D98500BB303A /* questionsList.swift */ = {isa = PBXFileReference; lastKnownFileType = sourcecode.swift; path = questionsList.swift; sourceTree = "<group>"; };
		5CE8507820F5FCB900BB303A /* correctAnswer.mp3 */ = {isa = PBXFileReference; lastKnownFileType = audio.mp3; path = correctAnswer.mp3; sourceTree = "<group>"; };
		5CE8507920F5FCB900BB303A /* wrong_answer.wav */ = {isa = PBXFileReference; lastKnownFileType = audio.wav; path = wrong_answer.wav; sourceTree = "<group>"; };
		5CF96F27213D3E6400B15CC7 /* massageViewController.swift */ = {isa = PBXFileReference; lastKnownFileType = sourcecode.swift; path = massageViewController.swift; sourceTree = "<group>"; };
		5CFF0C7021283C0B007DF3EB /* predictOneMatchViewController.swift */ = {isa = PBXFileReference; lastKnownFileType = sourcecode.swift; path = predictOneMatchViewController.swift; sourceTree = "<group>"; };
		708CCABC5FECE0274167520F /* Pods-footbalika.debug.xcconfig */ = {isa = PBXFileReference; includeInIndex = 1; lastKnownFileType = text.xcconfig; name = "Pods-footbalika.debug.xcconfig"; path = "Pods/Target Support Files/Pods-footbalika/Pods-footbalika.debug.xcconfig"; sourceTree = "<group>"; };
		7515AA704A7F5C6185BED045 /* Pods-footbalika.release.xcconfig */ = {isa = PBXFileReference; includeInIndex = 1; lastKnownFileType = text.xcconfig; name = "Pods-footbalika.release.xcconfig"; path = "Pods/Target Support Files/Pods-footbalika/Pods-footbalika.release.xcconfig"; sourceTree = "<group>"; };
		92AE449EB012E59CD33A9860 /* Pods_footbalika.framework */ = {isa = PBXFileReference; explicitFileType = wrapper.framework; includeInIndex = 0; path = Pods_footbalika.framework; sourceTree = BUILT_PRODUCTS_DIR; };
/* End PBXFileReference section */

/* Begin PBXFrameworksBuildPhase section */
		5C84D4ED20CCFD2500A9DC67 /* Frameworks */ = {
			isa = PBXFrameworksBuildPhase;
			buildActionMask = 2147483647;
			files = (
				DA43467F46209DB4E9C5B9DE /* Pods_footbalika.framework in Frameworks */,
			);
			runOnlyForDeploymentPostprocessing = 0;
		};
/* End PBXFrameworksBuildPhase section */

/* Begin PBXGroup section */
		5C055FFB20EA2D6C006267C1 /* connectionView */ = {
			isa = PBXGroup;
			children = (
				5C15C89F20EA131C0024E66C /* connectionView.swift */,
				5C15C89D20EA130C0024E66C /* connectionView.xib */,
			);
			path = connectionView;
			sourceTree = "<group>";
		};
		5C07FF7A213281DE00E8C0A1 /* changePassOrUserName */ = {
			isa = PBXGroup;
			children = (
				5C07FF7B2132821A00E8C0A1 /* changePassAndUserNameViewController.swift */,
			);
			path = changePassOrUserName;
			sourceTree = "<group>";
		};
		5C1AAAF920EC9BCA002A2EEA /* downloadAssets */ = {
			isa = PBXGroup;
			children = (
				5C1AAAFA20EC9BEE002A2EEA /* downloadAssets.swift */,
				5C42A6B2210D8D3200890149 /* downloadShop.swift */,
			);
			path = downloadAssets;
			sourceTree = "<group>";
		};
		5C202D9120CE5B46008FA1AB /* Font */ = {
			isa = PBXGroup;
			children = (
				5C84D50520CCFD7700A9DC67 /* BTrafcBd.ttf */,
			);
			path = Font;
			sourceTree = "<group>";
		};
		5C202D9220CE5B64008FA1AB /* Achievements */ = {
			isa = PBXGroup;
			children = (
				5C34C91620CFD6CF0095B968 /* achievementsViewController.swift */,
				5C84D52720CCFFEE00A9DC67 /* achievementsCell.swift */,
				5C07FF7821326F0900E8C0A1 /* changeUserNameAndPasswordCell.swift */,
				5C07FF7A213281DE00E8C0A1 /* changePassOrUserName */,
			);
			path = Achievements;
			sourceTree = "<group>";
		};
		5C202D9320CE6ACC008FA1AB /* StoryBoard */ = {
			isa = PBXGroup;
			children = (
			);
			path = StoryBoard;
			sourceTree = "<group>";
		};
		5C2181E1213674ED00D086C5 /* loginPage */ = {
			isa = PBXGroup;
			children = (
				5C2181E22136751400D086C5 /* loginPageViewController.swift */,
			);
			path = loginPage;
			sourceTree = "<group>";
		};
		5C234EFC20FA078100926611 /* Sounds */ = {
			isa = PBXGroup;
			children = (
				5C3CFFEF212BF8B600D45411 /* collectItem.mp3 */,
				5C0FB795211AC85600A7DA3A /* buy_item.mp3 */,
				5C2AC1AE20CFA3F10029F8CA /* menu.mp3 */,
				5C2AC1B020CFA76C0029F8CA /* click.mp3 */,
				5C1D232B20F4CE6A00A6C126 /* whistle.mp3 */,
				5C1D232D20F4D09D00A6C126 /* quize.mp3 */,
				5CE8507420F5CC8300BB303A /* beep.mp3 */,
				5CE8507820F5FCB900BB303A /* correctAnswer.mp3 */,
				5CE8507920F5FCB900BB303A /* wrong_answer.wav */,
				5C234EFD20FA08FE00926611 /* last_ticking.mp3 */,
				5C234EFF20FA105500926611 /* referee_whistle_end.mp3 */,
			);
			path = Sounds;
			sourceTree = "<group>";
		};
		5C2AEF4D20DE714100C5EEA6 /* leagues */ = {
			isa = PBXGroup;
			children = (
				5C2AEF4E20DE715B00C5EEA6 /* leaguesViewController.swift */,
				5C2AEF5020DE73AF00C5EEA6 /* leagueCell.swift */,
			);
			path = leagues;
			sourceTree = "<group>";
		};
		5C2B690620CD2B11001DA19E /* Match */ = {
			isa = PBXGroup;
			children = (
				5C84D52120CCFFE600A9DC67 /* matchViewController.swift */,
				5C84D52820CCFFEE00A9DC67 /* menuViewController.swift */,
				5C6ED3D320CFEA6F005DF73F /* BallThumb.swift */,
				5C6ED3D520CFF5A8005DF73F /* settingsCell.swift */,
				5CADF1E020D0DFC8001A24FD /* googleEntranceCell.swift */,
				5C730C502120125400467711 /* predictMatch */,
				5C30B2E420E7A8B90008CDAA /* profile */,
				5C43E0BE20E39E09003D2157 /* allGamesAlerts */,
				5C430DDC20E357FD001C155B /* leaderBoard */,
				5CC4045320E2220F00EC97FF /* menuAlert */,
				5CA52BF520E0BF8F00A58AFF /* giftsAndCharges */,
				5C2AEF4D20DE714100C5EEA6 /* leagues */,
				5C202D9220CE5B64008FA1AB /* Achievements */,
				5C84D53320CD07CE00A9DC67 /* MatchViewController */,
			);
			path = Match;
			sourceTree = "<group>";
		};
		5C2B690720CD2B34001DA19E /* gameList */ = {
			isa = PBXGroup;
			children = (
				5C84D52C20CCFFFF00A9DC67 /* GamesList.swift */,
				5C84D52B20CCFFFF00A9DC67 /* gamesCell.swift */,
			);
			path = gameList;
			sourceTree = "<group>";
		};
		5C2B690820CD2ED0001DA19E /* menuePage */ = {
			isa = PBXGroup;
			children = (
				5C84D51520CCFF7100A9DC67 /* mainPageViewController.swift */,
				5C84D51320CCFF7100A9DC67 /* menuButtonCell.swift */,
				5C84D51420CCFF7100A9DC67 /* pageVC.swift */,
			);
			path = menuePage;
			sourceTree = "<group>";
		};
		5C30B2E420E7A8B90008CDAA /* profile */ = {
			isa = PBXGroup;
			children = (
				5C30B2E520E7A8D50008CDAA /* profile1Cell.swift */,
				5C27141F20E89E0C008F1E37 /* profile2Cell.swift */,
				5C27142120E8AB4D008F1E37 /* profile3Cell.swift */,
				5C27142320E8B504008F1E37 /* profile4Cell.swift */,
				5CC5DC4120EA0448006F2855 /* profileButtonsCell.swift */,
			);
			path = profile;
			sourceTree = "<group>";
		};
		5C35D13A210DDD5F0086A414 /* shopDetail */ = {
			isa = PBXGroup;
			children = (
				5C35D13B210DDD7B0086A414 /* shopDetailViewController.swift */,
				5C35D13D210DDD950086A414 /* shopDetailCell.swift */,
				5C4B1A8C210F241200E0DC7B /* shoItem */,
			);
			path = shopDetail;
			sourceTree = "<group>";
		};
		5C430DDC20E357FD001C155B /* leaderBoard */ = {
			isa = PBXGroup;
			children = (
				5C430DDD20E3581E001C155B /* leaderBoardCell.swift */,
			);
			path = leaderBoard;
			sourceTree = "<group>";
		};
		5C43CC2520D76F4F00E25F57 /* DataBase */ = {
			isa = PBXGroup;
			children = (
				5C9FFCE720D8E686007A11C0 /* stadiumData */,
				5C9FFCE020D8DBB8007A11C0 /* tblChargeTypes */,
				5C9FFCD720D8D413007A11C0 /* tblMatchTypes */,
				5C9FFCD820D8D490007A11C0 /* tblShop */,
			);
			path = DataBase;
			sourceTree = "<group>";
		};
		5C43E0BE20E39E09003D2157 /* allGamesAlerts */ = {
			isa = PBXGroup;
			children = (
				5C43E0BF20E3A068003D2157 /* alertType1Cell.swift */,
				5C80B42720E7536B000E5035 /* alertTypeChooseCell.swift */,
			);
			path = allGamesAlerts;
			sourceTree = "<group>";
		};
		5C4B1A8C210F241200E0DC7B /* shoItem */ = {
			isa = PBXGroup;
			children = (
				5C7160FB210F248A003E7D30 /* showItemViewController.swift */,
				5C2377DB2116E7640040DC93 /* ItemViewController.swift */,
			);
			path = shoItem;
			sourceTree = "<group>";
		};
		5C6F537E20E0A8820037748F /* views */ = {
			isa = PBXGroup;
			children = (
				5CA52BF120E0B10800A58AFF /* menuCell.swift */,
				5CA52BF220E0B10800A58AFF /* menuCell.xib */,
				5C523CC62121AF3500642077 /* waitingBall.swift */,
				5C523CC82121AF4500642077 /* waitingBall.xib */,
				5C523CCA2121AFD100642077 /* progress.gif */,
				5CCAA0B62122CB1200BA6387 /* Swift+Gif.swift */,
			);
			path = views;
			sourceTree = "<group>";
		};
		5C730C502120125400467711 /* predictMatch */ = {
			isa = PBXGroup;
			children = (
				5C730C512120127300467711 /* predictMatchViewController.swift */,
				5C730C53212017F600467711 /* todayCell.swift */,
				5C730C552120187A00467711 /* predictLeaderBoardCell.swift */,
				5CFF0C6F21283BC9007DF3EB /* predictOneMatch */,
			);
			path = predictMatch;
			sourceTree = "<group>";
		};
		5C84D4E720CCFD2500A9DC67 = {
			isa = PBXGroup;
			children = (
				5C84D4F220CCFD2500A9DC67 /* footbalika */,
				5C84D4F120CCFD2500A9DC67 /* Products */,
				69D45CE03C3BA27097DC9141 /* Pods */,
				910E9147C6A9CD937A3531AE /* Frameworks */,
			);
			sourceTree = "<group>";
		};
		5C84D4F120CCFD2500A9DC67 /* Products */ = {
			isa = PBXGroup;
			children = (
				5C84D4F020CCFD2500A9DC67 /* footbalika.app */,
			);
			name = Products;
			sourceTree = "<group>";
		};
		5C84D4F220CCFD2500A9DC67 /* footbalika */ = {
			isa = PBXGroup;
			children = (
				5C84D4F320CCFD2500A9DC67 /* AppDelegate.swift */,
				5C84D4F520CCFD2500A9DC67 /* ViewController.swift */,
				5C234EFC20FA078100926611 /* Sounds */,
				5C202D9120CE5B46008FA1AB /* Font */,
				5C43CC2520D76F4F00E25F57 /* DataBase */,
				5CAEEFEC20D6402C00514842 /* Models */,
				5C84D53120CD07AD00A9DC67 /* Store */,
				5C84D53220CD07B800A9DC67 /* Challenges */,
				5C2B690620CD2B11001DA19E /* Match */,
				5C2B690720CD2B34001DA19E /* gameList */,
				5C2B690820CD2ED0001DA19E /* menuePage */,
				5CBB992C20DE1CD100C17884 /* loadingPage */,
				5CBB993E20DE396C00C17884 /* Groups */,
				5CBB993D20DE38E700C17884 /* public */,
				5C202D9320CE6ACC008FA1AB /* StoryBoard */,
				5C84D4FA20CCFD2700A9DC67 /* Assets.xcassets */,
				5C6F537E20E0A8820037748F /* views */,
				5C84D50920CCFED500A9DC67 /* iPad.storyboard */,
				5C84D50D20CCFED500A9DC67 /* iPhoneX.storyboard */,
				5C84D4F720CCFD2500A9DC67 /* Main.storyboard */,
				5C84D4FC20CCFD2700A9DC67 /* LaunchScreen.storyboard */,
				5C84D4FF20CCFD2700A9DC67 /* Info.plist */,
			);
			path = footbalika;
			sourceTree = "<group>";
		};
		5C84D53120CD07AD00A9DC67 /* Store */ = {
			isa = PBXGroup;
			children = (
				5C84D51920CCFF9A00A9DC67 /* StoreViewController.swift */,
				5C84D51A20CCFF9A00A9DC67 /* storeCell.swift */,
				5C35D13A210DDD5F0086A414 /* shopDetail */,
			);
			path = Store;
			sourceTree = "<group>";
		};
		5C84D53220CD07B800A9DC67 /* Challenges */ = {
			isa = PBXGroup;
			children = (
				5C84D51D20CCFFBE00A9DC67 /* challengesViewController.swift */,
			);
			path = Challenges;
			sourceTree = "<group>";
		};
		5C84D53320CD07CE00A9DC67 /* MatchViewController */ = {
			isa = PBXGroup;
			children = (
				5C84D52220CCFFE600A9DC67 /* startMatchViewController.swift */,
				5C84D52020CCFFE600A9DC67 /* startMatchCell.swift */,
				5CCB9BCC20F1DB8800B92355 /* category */,
				5C963AC420F4A7F1009DB6A6 /* mainMatchField */,
			);
			path = MatchViewController;
			sourceTree = "<group>";
		};
		5C963AC420F4A7F1009DB6A6 /* mainMatchField */ = {
			isa = PBXGroup;
			children = (
				5C963AC520F4A814009DB6A6 /* mainMatchFieldViewController.swift */,
			);
			path = mainMatchField;
			sourceTree = "<group>";
		};
		5C9FFCD720D8D413007A11C0 /* tblMatchTypes */ = {
			isa = PBXGroup;
			children = (
				5C43CC2620D772D900E25F57 /* tblMatchTypes.swift */,
				5C765C2420D7B36E0026539E /* readAndWritetblMatchTypes.swift */,
				5C9FFCD520D8D1F3007A11C0 /* WritetblMatchTypes.swift */,
			);
			path = tblMatchTypes;
			sourceTree = "<group>";
		};
		5C9FFCD820D8D490007A11C0 /* tblShop */ = {
			isa = PBXGroup;
			children = (
				5C9FFCD920D8D59B007A11C0 /* tblShop.swift */,
				5C9FFCDB20D8D613007A11C0 /* readAndWritetblShop.swift */,
				5C9FFCDD20D8D674007A11C0 /* WritetblShop.swift */,
			);
			path = tblShop;
			sourceTree = "<group>";
		};
		5C9FFCE020D8DBB8007A11C0 /* tblChargeTypes */ = {
			isa = PBXGroup;
			children = (
				5C9FFCE120D8DBCA007A11C0 /* tblChargeTypes.swift */,
				5C9FFCE320D8DC20007A11C0 /* readAndWritetblChargeTypes.swift */,
				5C9FFCE520D8DC3F007A11C0 /* WritetblChargeTypes.swift */,
			);
			path = tblChargeTypes;
			sourceTree = "<group>";
		};
		5C9FFCE720D8E686007A11C0 /* stadiumData */ = {
			isa = PBXGroup;
			children = (
				5C9FFCEA20D8E811007A11C0 /* tblStadiums.swift */,
				5C9FFCEC20D8E82B007A11C0 /* readAndWritetblStadiums.swift */,
				5C9FFCEE20D8E842007A11C0 /* WritetblStadiums.swift */,
			);
			path = stadiumData;
			sourceTree = "<group>";
		};
		5C9FFCF020D8F3E6007A11C0 /* login */ = {
			isa = PBXGroup;
			children = (
				5C9FFCF120D8F3FB007A11C0 /* login.swift */,
				5C9FFCF320D8F6FA007A11C0 /* loginStructure.swift */,
				5C9FFCF520D8F74C007A11C0 /* loginMainInfo.swift */,
				5C4E36E020D911AE00B1DAB0 /* loginnots_achv.swift */,
				5C4E36E220D9122C00B1DAB0 /* loginFavoriteteams.swift */,
			);
			path = login;
			sourceTree = "<group>";
		};
		5CA52BF520E0BF8F00A58AFF /* giftsAndCharges */ = {
			isa = PBXGroup;
			children = (
				5CA52BF620E0BFB000A58AFF /* giftsAndChargesViewController.swift */,
				5CA52BF820E0CE8700A58AFF /* gift.swift */,
				5CC4045120E2074300EC97FF /* gameCharges.swift */,
				5C6F537F20E0A8D90037748F /* menuView.swift */,
				5C6F538120E0A8F10037748F /* menuView.xib */,
				5CF96F26213D3E4400B15CC7 /* massages */,
			);
			path = giftsAndCharges;
			sourceTree = "<group>";
		};
		5CAEEFEC20D6402C00514842 /* Models */ = {
			isa = PBXGroup;
			children = (
				5CAEEFEA20D6325B00514842 /* PubProc.swift */,
				5CAEEFED20D6404B00514842 /* gameDataModel.swift */,
				5CAEEFEF20D644EA00514842 /* gameTypes.swift */,
				5CAEEFF120D646BC00514842 /* gameRewards.swift */,
				5CAEEFF320D647B600514842 /* gameLeagues.swift */,
				5CAEEFF520D6481800514842 /* gameCharge.swift */,
				5CAEEFF720D6486A00514842 /* stadiumData.swift */,
				5CAEEFF920D648BC00514842 /* userXps.swift */,
				5CAEEFFB20D648FD00514842 /* giftRewards.swift */,
				5C430DDF20E3659D001C155B /* leaderBoard.swift */,
				5C80B42520E74B04000E5035 /* allAlerts.swift */,
				5CC5DC3F20E9FBA4006F2855 /* friendList.swift */,
				5C3418AA20EB85F4001F93A4 /* matchDetails.swift */,
				5C7CFAF520F0B9FE009CE8FE /* matchTypesDownload.swift */,
				5C12535F20F0C4A6005A64E8 /* chargeTypesDownload.swift */,
				5C12536120F0C4FE005A64E8 /* stadiumDataDownload.swift */,
				5C42A6B4210D909B00890149 /* shopDownload.swift */,
				5CE8507620F5D98500BB303A /* questionsList.swift */,
				5C3B27992104663500150FB2 /* gamesList.swift */,
				5CC7AEA021073D67000F39A6 /* usersSearchLists.swift */,
				5C67B1262127F133000D5ADD /* prediction.swift */,
				5C67B1282127FA46000D5ADD /* predictionLeaderBoard.swift */,
				5C28D4612134202F003797B3 /* passChangeRes.swift */,
				5C055FFB20EA2D6C006267C1 /* connectionView */,
			);
			path = Models;
			sourceTree = "<group>";
		};
		5CBB992320DE088A00C17884 /* loadShop */ = {
			isa = PBXGroup;
			children = (
				5CBB992420DE08A900C17884 /* loadShop.swift */,
				5CBB992620DE095300C17884 /* loadShopStructure.swift */,
				5CBB992820DE0AA000C17884 /* loadShopItems.swift */,
				5CBB992A20DE0B4900C17884 /* loadShopPackage_awards.swift */,
			);
			path = loadShop;
			sourceTree = "<group>";
		};
		5CBB992C20DE1CD100C17884 /* loadingPage */ = {
			isa = PBXGroup;
			children = (
				5C84D50A20CCFED500A9DC67 /* loadingViewController.swift */,
				5C2181E1213674ED00D086C5 /* loginPage */,
				5C1AAAF920EC9BCA002A2EEA /* downloadAssets */,
				5CBB993820DE258B00C17884 /* loadingSetting */,
				5CBB993320DE23B900C17884 /* loadMassages */,
				5CBB992D20DE1CEC00C17884 /* loadingAchievements */,
				5CBB992320DE088A00C17884 /* loadShop */,
				5C9FFCF020D8F3E6007A11C0 /* login */,
			);
			path = loadingPage;
			sourceTree = "<group>";
		};
		5CBB992D20DE1CEC00C17884 /* loadingAchievements */ = {
			isa = PBXGroup;
			children = (
				5CBB992F20DE1D2B00C17884 /* loadingAchievements.swift */,
				5CBB993120DE1D8300C17884 /* loadingAchievementsStructure.swift */,
			);
			path = loadingAchievements;
			sourceTree = "<group>";
		};
		5CBB993320DE23B900C17884 /* loadMassages */ = {
			isa = PBXGroup;
			children = (
				5CBB993420DE23D000C17884 /* loadMassages.swift */,
				5CBB993620DE23F500C17884 /* loadMassagesStructure.swift */,
			);
			path = loadMassages;
			sourceTree = "<group>";
		};
		5CBB993820DE258B00C17884 /* loadingSetting */ = {
			isa = PBXGroup;
			children = (
				5CBB993920DE25A100C17884 /* loadingSetting.swift */,
				5CBB993B20DE25BF00C17884 /* loadingSettingStructure.swift */,
			);
			path = loadingSetting;
			sourceTree = "<group>";
		};
		5CBB993D20DE38E700C17884 /* public */ = {
			isa = PBXGroup;
			children = (
				5C84D50B20CCFED500A9DC67 /* RoundButton.swift */,
				5C84D50C20CCFED500A9DC67 /* publicExtension.swift */,
				5CCB9BCA20F1D51000B92355 /* urls.swift */,
				5C84D51F20CCFFE500A9DC67 /* GradientView.swift */,
				5CC5DC3D20E9E0EE006F2855 /* DesignableView.swift */,
			);
			path = public;
			sourceTree = "<group>";
		};
		5CBB993E20DE396C00C17884 /* Groups */ = {
			isa = PBXGroup;
			children = (
				5C84D52F20CD000D00A9DC67 /* GroupsViewController.swift */,
				5C20C1D72105EB0F00930531 /* friendCell.swift */,
				5C503559210710640025B699 /* noFriendCell.swift */,
				5C50355B21071A680025B699 /* searchFriendsCell.swift */,
			);
			path = Groups;
			sourceTree = "<group>";
		};
		5CC4045320E2220F00EC97FF /* menuAlert */ = {
			isa = PBXGroup;
			children = (
				5CC4045420E2222300EC97FF /* menuAlertViewController.swift */,
				5CC4045820E2223F00EC97FF /* menuAlert.xib */,
				5CC4045A20E22EC100EC97FF /* menuAlert.swift */,
				5C3418A820EB6D01001F93A4 /* menuAlert2ButtonsViewController.swift */,
				5C3418A620EB6C85001F93A4 /* menuAlert2Buttons.swift */,
				5C3418A420EB6C50001F93A4 /* menuAlert2Buttons.xib */,
			);
			path = menuAlert;
			sourceTree = "<group>";
		};
		5CCB9BCC20F1DB8800B92355 /* category */ = {
			isa = PBXGroup;
			children = (
				5CCB9BCD20F1DBA200B92355 /* selectCategoryViewController.swift */,
				5CCB9BCF20F1DFB400B92355 /* selectCategoryCell.swift */,
			);
			path = category;
			sourceTree = "<group>";
		};
		5CF96F26213D3E4400B15CC7 /* massages */ = {
			isa = PBXGroup;
			children = (
				5CF96F27213D3E6400B15CC7 /* massageViewController.swift */,
			);
			path = massages;
			sourceTree = "<group>";
		};
		5CFF0C6F21283BC9007DF3EB /* predictOneMatch */ = {
			isa = PBXGroup;
			children = (
				5CFF0C7021283C0B007DF3EB /* predictOneMatchViewController.swift */,
			);
			path = predictOneMatch;
			sourceTree = "<group>";
		};
		69D45CE03C3BA27097DC9141 /* Pods */ = {
			isa = PBXGroup;
			children = (
				708CCABC5FECE0274167520F /* Pods-footbalika.debug.xcconfig */,
				7515AA704A7F5C6185BED045 /* Pods-footbalika.release.xcconfig */,
			);
			name = Pods;
			sourceTree = "<group>";
		};
		910E9147C6A9CD937A3531AE /* Frameworks */ = {
			isa = PBXGroup;
			children = (
				92AE449EB012E59CD33A9860 /* Pods_footbalika.framework */,
			);
			name = Frameworks;
			sourceTree = "<group>";
		};
/* End PBXGroup section */

/* Begin PBXNativeTarget section */
		5C84D4EF20CCFD2500A9DC67 /* footbalika */ = {
			isa = PBXNativeTarget;
			buildConfigurationList = 5C84D50220CCFD2700A9DC67 /* Build configuration list for PBXNativeTarget "footbalika" */;
			buildPhases = (
				DBF31AE6D7838AA62080B5EB /* [CP] Check Pods Manifest.lock */,
				5C84D4EC20CCFD2500A9DC67 /* Sources */,
				5C84D4ED20CCFD2500A9DC67 /* Frameworks */,
				5C84D4EE20CCFD2500A9DC67 /* Resources */,
				D9D2C5313026FA04D22ED44E /* [CP] Embed Pods Frameworks */,
				5CCD52FA211ED3A800E43A7E /* Embed Frameworks */,
			);
			buildRules = (
			);
			dependencies = (
			);
			name = footbalika;
			productName = footbalika;
			productReference = 5C84D4F020CCFD2500A9DC67 /* footbalika.app */;
			productType = "com.apple.product-type.application";
		};
/* End PBXNativeTarget section */

/* Begin PBXProject section */
		5C84D4E820CCFD2500A9DC67 /* Project object */ = {
			isa = PBXProject;
			attributes = {
				LastSwiftUpdateCheck = 0940;
				LastUpgradeCheck = 0940;
				ORGANIZATIONNAME = "Saeed Rahmatolahi";
				TargetAttributes = {
					5C84D4EF20CCFD2500A9DC67 = {
						CreatedOnToolsVersion = 9.4;
						SystemCapabilities = {
							com.apple.BackgroundModes = {
								enabled = 1;
							};
						};
					};
				};
			};
			buildConfigurationList = 5C84D4EB20CCFD2500A9DC67 /* Build configuration list for PBXProject "footbalika" */;
			compatibilityVersion = "Xcode 9.3";
			developmentRegion = en;
			hasScannedForEncodings = 0;
			knownRegions = (
				en,
				Base,
			);
			mainGroup = 5C84D4E720CCFD2500A9DC67;
			productRefGroup = 5C84D4F120CCFD2500A9DC67 /* Products */;
			projectDirPath = "";
			projectRoot = "";
			targets = (
				5C84D4EF20CCFD2500A9DC67 /* footbalika */,
			);
		};
/* End PBXProject section */

/* Begin PBXResourcesBuildPhase section */
		5C84D4EE20CCFD2500A9DC67 /* Resources */ = {
			isa = PBXResourcesBuildPhase;
			buildActionMask = 2147483647;
			files = (
				5C234F0020FA105500926611 /* referee_whistle_end.mp3 in Resources */,
				5C3418A520EB6C50001F93A4 /* menuAlert2Buttons.xib in Resources */,
				5C2AC1AF20CFA3F10029F8CA /* menu.mp3 in Resources */,
				5CE8507B20F5FCB900BB303A /* wrong_answer.wav in Resources */,
				5CE8507520F5CC8300BB303A /* beep.mp3 in Resources */,
				5C84D50620CCFD7700A9DC67 /* BTrafcBd.ttf in Resources */,
				5C0FB796211AC85700A7DA3A /* buy_item.mp3 in Resources */,
				5C84D4FE20CCFD2700A9DC67 /* LaunchScreen.storyboard in Resources */,
				5C523CCB2121AFD100642077 /* progress.gif in Resources */,
				5CC4045920E2223F00EC97FF /* menuAlert.xib in Resources */,
				5C3CFFF0212BF8B700D45411 /* collectItem.mp3 in Resources */,
				5C84D4FB20CCFD2700A9DC67 /* Assets.xcassets in Resources */,
				5C84D50E20CCFED500A9DC67 /* iPad.storyboard in Resources */,
				5C2AC1B120CFA76D0029F8CA /* click.mp3 in Resources */,
				5C1D232E20F4D09D00A6C126 /* quize.mp3 in Resources */,
				5C84D51220CCFED500A9DC67 /* iPhoneX.storyboard in Resources */,
				5C523CC92121AF4500642077 /* waitingBall.xib in Resources */,
				5C84D4F920CCFD2500A9DC67 /* Main.storyboard in Resources */,
				5CA52BF420E0B10800A58AFF /* menuCell.xib in Resources */,
				5C1D232C20F4CE6A00A6C126 /* whistle.mp3 in Resources */,
				5C15C89E20EA130C0024E66C /* connectionView.xib in Resources */,
				5C6F538220E0A8F10037748F /* menuView.xib in Resources */,
				5CE8507A20F5FCB900BB303A /* correctAnswer.mp3 in Resources */,
				5C234EFE20FA08FE00926611 /* last_ticking.mp3 in Resources */,
			);
			runOnlyForDeploymentPostprocessing = 0;
		};
/* End PBXResourcesBuildPhase section */

/* Begin PBXShellScriptBuildPhase section */
		D9D2C5313026FA04D22ED44E /* [CP] Embed Pods Frameworks */ = {
			isa = PBXShellScriptBuildPhase;
			buildActionMask = 2147483647;
			files = (
			);
			inputPaths = (
				"${SRCROOT}/Pods/Target Support Files/Pods-footbalika/Pods-footbalika-frameworks.sh",
				"${BUILT_PRODUCTS_DIR}/IQKeyboardManagerSwift/IQKeyboardManagerSwift.framework",
				"${BUILT_PRODUCTS_DIR}/KBImageView/KBImageView.framework",
				"${BUILT_PRODUCTS_DIR}/Kingfisher/Kingfisher.framework",
				"${BUILT_PRODUCTS_DIR}/RPCircularProgress/RPCircularProgress.framework",
				"${BUILT_PRODUCTS_DIR}/Realm/Realm.framework",
				"${BUILT_PRODUCTS_DIR}/RealmSwift/RealmSwift.framework",
			);
			name = "[CP] Embed Pods Frameworks";
			outputPaths = (
				"${TARGET_BUILD_DIR}/${FRAMEWORKS_FOLDER_PATH}/IQKeyboardManagerSwift.framework",
				"${TARGET_BUILD_DIR}/${FRAMEWORKS_FOLDER_PATH}/KBImageView.framework",
				"${TARGET_BUILD_DIR}/${FRAMEWORKS_FOLDER_PATH}/Kingfisher.framework",
				"${TARGET_BUILD_DIR}/${FRAMEWORKS_FOLDER_PATH}/RPCircularProgress.framework",
				"${TARGET_BUILD_DIR}/${FRAMEWORKS_FOLDER_PATH}/Realm.framework",
				"${TARGET_BUILD_DIR}/${FRAMEWORKS_FOLDER_PATH}/RealmSwift.framework",
			);
			runOnlyForDeploymentPostprocessing = 0;
			shellPath = /bin/sh;
			shellScript = "\"${SRCROOT}/Pods/Target Support Files/Pods-footbalika/Pods-footbalika-frameworks.sh\"\n";
			showEnvVarsInLog = 0;
		};
		DBF31AE6D7838AA62080B5EB /* [CP] Check Pods Manifest.lock */ = {
			isa = PBXShellScriptBuildPhase;
			buildActionMask = 2147483647;
			files = (
			);
			inputPaths = (
				"${PODS_PODFILE_DIR_PATH}/Podfile.lock",
				"${PODS_ROOT}/Manifest.lock",
			);
			name = "[CP] Check Pods Manifest.lock";
			outputPaths = (
				"$(DERIVED_FILE_DIR)/Pods-footbalika-checkManifestLockResult.txt",
			);
			runOnlyForDeploymentPostprocessing = 0;
			shellPath = /bin/sh;
			shellScript = "diff \"${PODS_PODFILE_DIR_PATH}/Podfile.lock\" \"${PODS_ROOT}/Manifest.lock\" > /dev/null\nif [ $? != 0 ] ; then\n    # print error to STDERR\n    echo \"error: The sandbox is not in sync with the Podfile.lock. Run 'pod install' or update your CocoaPods installation.\" >&2\n    exit 1\nfi\n# This output is used by Xcode 'outputs' to avoid re-running this script phase.\necho \"SUCCESS\" > \"${SCRIPT_OUTPUT_FILE_0}\"\n";
			showEnvVarsInLog = 0;
		};
/* End PBXShellScriptBuildPhase section */

/* Begin PBXSourcesBuildPhase section */
		5C84D4EC20CCFD2500A9DC67 /* Sources */ = {
			isa = PBXSourcesBuildPhase;
			buildActionMask = 2147483647;
			files = (
				5C07FF7921326F0900E8C0A1 /* changeUserNameAndPasswordCell.swift in Sources */,
				5CA52BF720E0BFB000A58AFF /* giftsAndChargesViewController.swift in Sources */,
				5C9FFCE220D8DBCA007A11C0 /* tblChargeTypes.swift in Sources */,
				5C84D51820CCFF7100A9DC67 /* mainPageViewController.swift in Sources */,
				5C42A6B3210D8D3200890149 /* downloadShop.swift in Sources */,
				5C84D51120CCFED500A9DC67 /* publicExtension.swift in Sources */,
				5C15C8A020EA131C0024E66C /* connectionView.swift in Sources */,
				5C80B42620E74B04000E5035 /* allAlerts.swift in Sources */,
				5CAEEFFA20D648BC00514842 /* userXps.swift in Sources */,
				5C4E36E120D911AE00B1DAB0 /* loginnots_achv.swift in Sources */,
				5C9FFCE420D8DC20007A11C0 /* readAndWritetblChargeTypes.swift in Sources */,
				5C84D52520CCFFE600A9DC67 /* matchViewController.swift in Sources */,
				5C84D52320CCFFE600A9DC67 /* GradientView.swift in Sources */,
				5C12536020F0C4A6005A64E8 /* chargeTypesDownload.swift in Sources */,
				5C523CC72121AF3500642077 /* waitingBall.swift in Sources */,
				5C84D53020CD000D00A9DC67 /* GroupsViewController.swift in Sources */,
				5C9FFCDE20D8D674007A11C0 /* WritetblShop.swift in Sources */,
				5CFF0C7121283C0B007DF3EB /* predictOneMatchViewController.swift in Sources */,
				5CBB993A20DE25A100C17884 /* loadingSetting.swift in Sources */,
				5CCB9BCE20F1DBA300B92355 /* selectCategoryViewController.swift in Sources */,
				5C07FF7C2132821A00E8C0A1 /* changePassAndUserNameViewController.swift in Sources */,
				5CC4045520E2222300EC97FF /* menuAlertViewController.swift in Sources */,
				5C84D52420CCFFE600A9DC67 /* startMatchCell.swift in Sources */,
				5C9FFCED20D8E82B007A11C0 /* readAndWritetblStadiums.swift in Sources */,
				5CAEEFFC20D648FD00514842 /* giftRewards.swift in Sources */,
				5CBB992720DE095300C17884 /* loadShopStructure.swift in Sources */,
				5C9FFCEB20D8E811007A11C0 /* tblStadiums.swift in Sources */,
				5CC5DC4220EA0448006F2855 /* profileButtonsCell.swift in Sources */,
				5C2AEF5120DE73AF00C5EEA6 /* leagueCell.swift in Sources */,
				5CAEEFF420D647B600514842 /* gameLeagues.swift in Sources */,
				5CBB993220DE1D8400C17884 /* loadingAchievementsStructure.swift in Sources */,
				5C35D13C210DDD7B0086A414 /* shopDetailViewController.swift in Sources */,
				5C765C2520D7B36E0026539E /* readAndWritetblMatchTypes.swift in Sources */,
				5C27142220E8AB4D008F1E37 /* profile3Cell.swift in Sources */,
				5C7160FC210F248A003E7D30 /* showItemViewController.swift in Sources */,
				5C84D51020CCFED500A9DC67 /* RoundButton.swift in Sources */,
				5C50355A210710640025B699 /* noFriendCell.swift in Sources */,
				5C30B2E620E7A8D50008CDAA /* profile1Cell.swift in Sources */,
				5C84D51620CCFF7100A9DC67 /* menuButtonCell.swift in Sources */,
				5C35D13E210DDD950086A414 /* shopDetailCell.swift in Sources */,
				5C730C522120127300467711 /* predictMatchViewController.swift in Sources */,
				5CADF1E120D0DFC8001A24FD /* googleEntranceCell.swift in Sources */,
				5CBB993720DE23F500C17884 /* loadMassagesStructure.swift in Sources */,
				5CBB993020DE1D2B00C17884 /* loadingAchievements.swift in Sources */,
				5C1AAAFB20EC9BEE002A2EEA /* downloadAssets.swift in Sources */,
				5CC7AEA121073D67000F39A6 /* usersSearchLists.swift in Sources */,
				5C20C1D82105EB0F00930531 /* friendCell.swift in Sources */,
				5C9FFCEF20D8E842007A11C0 /* WritetblStadiums.swift in Sources */,
				5CC5DC4020E9FBA4006F2855 /* friendList.swift in Sources */,
				5C80B42820E7536B000E5035 /* alertTypeChooseCell.swift in Sources */,
				5C9FFCE620D8DC3F007A11C0 /* WritetblChargeTypes.swift in Sources */,
				5CBB992B20DE0B4900C17884 /* loadShopPackage_awards.swift in Sources */,
				5C42A6B5210D909B00890149 /* shopDownload.swift in Sources */,
				5CAEEFF020D644EA00514842 /* gameTypes.swift in Sources */,
				5CBB993520DE23D000C17884 /* loadMassages.swift in Sources */,
				5CA52BF320E0B10800A58AFF /* menuCell.swift in Sources */,
				5C430DDE20E3581E001C155B /* leaderBoardCell.swift in Sources */,
				5C9FFCF220D8F3FB007A11C0 /* login.swift in Sources */,
				5C84D52A20CCFFEE00A9DC67 /* menuViewController.swift in Sources */,
				5C9FFCDA20D8D59B007A11C0 /* tblShop.swift in Sources */,
				5C27142020E89E0C008F1E37 /* profile2Cell.swift in Sources */,
				5C43CC2720D772D900E25F57 /* tblMatchTypes.swift in Sources */,
				5CBB993C20DE25BF00C17884 /* loadingSettingStructure.swift in Sources */,
				5C84D4F620CCFD2500A9DC67 /* ViewController.swift in Sources */,
				5CF96F28213D3E6400B15CC7 /* massageViewController.swift in Sources */,
				5C84D51E20CCFFBE00A9DC67 /* challengesViewController.swift in Sources */,
				5C9FFCD620D8D1F3007A11C0 /* WritetblMatchTypes.swift in Sources */,
				5C84D51C20CCFF9B00A9DC67 /* storeCell.swift in Sources */,
				5CBB992920DE0AA000C17884 /* loadShopItems.swift in Sources */,
				5CAEEFEE20D6404B00514842 /* gameDataModel.swift in Sources */,
				5CC5DC3E20E9E0EE006F2855 /* DesignableView.swift in Sources */,
				5CCB9BD020F1DFB400B92355 /* selectCategoryCell.swift in Sources */,
				5C34C91720CFD6CF0095B968 /* achievementsViewController.swift in Sources */,
				5CC4045B20E22EC100EC97FF /* menuAlert.swift in Sources */,
				5C28D4622134202F003797B3 /* passChangeRes.swift in Sources */,
				5C6ED3D420CFEA6F005DF73F /* BallThumb.swift in Sources */,
				5C2AEF4F20DE715B00C5EEA6 /* leaguesViewController.swift in Sources */,
				5CAEEFF820D6486A00514842 /* stadiumData.swift in Sources */,
				5C7CFAF620F0B9FE009CE8FE /* matchTypesDownload.swift in Sources */,
				5CCAA0B72122CB1200BA6387 /* Swift+Gif.swift in Sources */,
				5C84D51B20CCFF9B00A9DC67 /* StoreViewController.swift in Sources */,
				5C50355C21071A680025B699 /* searchFriendsCell.swift in Sources */,
				5CE8507720F5D98500BB303A /* questionsList.swift in Sources */,
				5C27142420E8B504008F1E37 /* profile4Cell.swift in Sources */,
				5CAEEFF220D646BC00514842 /* gameRewards.swift in Sources */,
				5C2377DC2116E7640040DC93 /* ItemViewController.swift in Sources */,
				5C67B1272127F133000D5ADD /* prediction.swift in Sources */,
				5C9FFCF420D8F6FA007A11C0 /* loginStructure.swift in Sources */,
				5C3B279A2104663500150FB2 /* gamesList.swift in Sources */,
				5C84D51720CCFF7100A9DC67 /* pageVC.swift in Sources */,
				5C963AC620F4A814009DB6A6 /* mainMatchFieldViewController.swift in Sources */,
				5C84D52620CCFFE600A9DC67 /* startMatchViewController.swift in Sources */,
				5CBB992520DE08A900C17884 /* loadShop.swift in Sources */,
				5CAEEFEB20D6325B00514842 /* PubProc.swift in Sources */,
				5C84D52920CCFFEE00A9DC67 /* achievementsCell.swift in Sources */,
				5C730C54212017F600467711 /* todayCell.swift in Sources */,
				5C43E0C020E3A068003D2157 /* alertType1Cell.swift in Sources */,
				5C9FFCF620D8F74C007A11C0 /* loginMainInfo.swift in Sources */,
				5C84D4F420CCFD2500A9DC67 /* AppDelegate.swift in Sources */,
				5C84D52E20CCFFFF00A9DC67 /* GamesList.swift in Sources */,
				5C84D50F20CCFED500A9DC67 /* loadingViewController.swift in Sources */,
				5CC4045220E2074300EC97FF /* gameCharges.swift in Sources */,
				5C3418AB20EB85F4001F93A4 /* matchDetails.swift in Sources */,
				5CA52BF920E0CE8700A58AFF /* gift.swift in Sources */,
				5C6F538020E0A8D90037748F /* menuView.swift in Sources */,
				5C6ED3D620CFF5A8005DF73F /* settingsCell.swift in Sources */,
				5CCB9BCB20F1D51000B92355 /* urls.swift in Sources */,
				5C4E36E320D9122C00B1DAB0 /* loginFavoriteteams.swift in Sources */,
				5C84D52D20CCFFFF00A9DC67 /* gamesCell.swift in Sources */,
				5C3418A720EB6C85001F93A4 /* menuAlert2Buttons.swift in Sources */,
				5C9FFCDC20D8D613007A11C0 /* readAndWritetblShop.swift in Sources */,
				5C12536220F0C4FE005A64E8 /* stadiumDataDownload.swift in Sources */,
				5C430DE020E3659D001C155B /* leaderBoard.swift in Sources */,
				5C67B1292127FA46000D5ADD /* predictionLeaderBoard.swift in Sources */,
				5CAEEFF620D6481800514842 /* gameCharge.swift in Sources */,
				5C2181E32136751400D086C5 /* loginPageViewController.swift in Sources */,
				5C3418A920EB6D01001F93A4 /* menuAlert2ButtonsViewController.swift in Sources */,
				5C730C562120187A00467711 /* predictLeaderBoardCell.swift in Sources */,
			);
			runOnlyForDeploymentPostprocessing = 0;
		};
/* End PBXSourcesBuildPhase section */

/* Begin PBXVariantGroup section */
		5C84D4F720CCFD2500A9DC67 /* Main.storyboard */ = {
			isa = PBXVariantGroup;
			children = (
				5C84D4F820CCFD2500A9DC67 /* Base */,
			);
			name = Main.storyboard;
			sourceTree = "<group>";
		};
		5C84D4FC20CCFD2700A9DC67 /* LaunchScreen.storyboard */ = {
			isa = PBXVariantGroup;
			children = (
				5C84D4FD20CCFD2700A9DC67 /* Base */,
			);
			name = LaunchScreen.storyboard;
			sourceTree = "<group>";
		};
/* End PBXVariantGroup section */

/* Begin XCBuildConfiguration section */
		5C84D50020CCFD2700A9DC67 /* Debug */ = {
			isa = XCBuildConfiguration;
			buildSettings = {
				ALWAYS_SEARCH_USER_PATHS = NO;
				CLANG_ANALYZER_NONNULL = YES;
				CLANG_ANALYZER_NUMBER_OBJECT_CONVERSION = YES_AGGRESSIVE;
				CLANG_CXX_LANGUAGE_STANDARD = "gnu++14";
				CLANG_CXX_LIBRARY = "libc++";
				CLANG_ENABLE_MODULES = YES;
				CLANG_ENABLE_OBJC_ARC = YES;
				CLANG_ENABLE_OBJC_WEAK = YES;
				CLANG_WARN_BLOCK_CAPTURE_AUTORELEASING = YES;
				CLANG_WARN_BOOL_CONVERSION = YES;
				CLANG_WARN_COMMA = YES;
				CLANG_WARN_CONSTANT_CONVERSION = YES;
				CLANG_WARN_DEPRECATED_OBJC_IMPLEMENTATIONS = YES;
				CLANG_WARN_DIRECT_OBJC_ISA_USAGE = YES_ERROR;
				CLANG_WARN_DOCUMENTATION_COMMENTS = YES;
				CLANG_WARN_EMPTY_BODY = YES;
				CLANG_WARN_ENUM_CONVERSION = YES;
				CLANG_WARN_INFINITE_RECURSION = YES;
				CLANG_WARN_INT_CONVERSION = YES;
				CLANG_WARN_NON_LITERAL_NULL_CONVERSION = YES;
				CLANG_WARN_OBJC_IMPLICIT_RETAIN_SELF = YES;
				CLANG_WARN_OBJC_LITERAL_CONVERSION = YES;
				CLANG_WARN_OBJC_ROOT_CLASS = YES_ERROR;
				CLANG_WARN_RANGE_LOOP_ANALYSIS = YES;
				CLANG_WARN_STRICT_PROTOTYPES = YES;
				CLANG_WARN_SUSPICIOUS_MOVE = YES;
				CLANG_WARN_UNGUARDED_AVAILABILITY = YES_AGGRESSIVE;
				CLANG_WARN_UNREACHABLE_CODE = YES;
				CLANG_WARN__DUPLICATE_METHOD_MATCH = YES;
				CODE_SIGN_IDENTITY = "iPhone Developer";
				COPY_PHASE_STRIP = NO;
				DEBUG_INFORMATION_FORMAT = dwarf;
				ENABLE_STRICT_OBJC_MSGSEND = YES;
				ENABLE_TESTABILITY = YES;
				GCC_C_LANGUAGE_STANDARD = gnu11;
				GCC_DYNAMIC_NO_PIC = NO;
				GCC_NO_COMMON_BLOCKS = YES;
				GCC_OPTIMIZATION_LEVEL = 0;
				GCC_PREPROCESSOR_DEFINITIONS = (
					"DEBUG=1",
					"$(inherited)",
				);
				GCC_WARN_64_TO_32_BIT_CONVERSION = YES;
				GCC_WARN_ABOUT_RETURN_TYPE = YES_ERROR;
				GCC_WARN_UNDECLARED_SELECTOR = YES;
				GCC_WARN_UNINITIALIZED_AUTOS = YES_AGGRESSIVE;
				GCC_WARN_UNUSED_FUNCTION = YES;
				GCC_WARN_UNUSED_VARIABLE = YES;
				IPHONEOS_DEPLOYMENT_TARGET = 9.3;
				MTL_ENABLE_DEBUG_INFO = YES;
				ONLY_ACTIVE_ARCH = YES;
				SDKROOT = iphoneos;
				SWIFT_ACTIVE_COMPILATION_CONDITIONS = DEBUG;
				SWIFT_OPTIMIZATION_LEVEL = "-Onone";
			};
			name = Debug;
		};
		5C84D50120CCFD2700A9DC67 /* Release */ = {
			isa = XCBuildConfiguration;
			buildSettings = {
				ALWAYS_SEARCH_USER_PATHS = NO;
				CLANG_ANALYZER_NONNULL = YES;
				CLANG_ANALYZER_NUMBER_OBJECT_CONVERSION = YES_AGGRESSIVE;
				CLANG_CXX_LANGUAGE_STANDARD = "gnu++14";
				CLANG_CXX_LIBRARY = "libc++";
				CLANG_ENABLE_MODULES = YES;
				CLANG_ENABLE_OBJC_ARC = YES;
				CLANG_ENABLE_OBJC_WEAK = YES;
				CLANG_WARN_BLOCK_CAPTURE_AUTORELEASING = YES;
				CLANG_WARN_BOOL_CONVERSION = YES;
				CLANG_WARN_COMMA = YES;
				CLANG_WARN_CONSTANT_CONVERSION = YES;
				CLANG_WARN_DEPRECATED_OBJC_IMPLEMENTATIONS = YES;
				CLANG_WARN_DIRECT_OBJC_ISA_USAGE = YES_ERROR;
				CLANG_WARN_DOCUMENTATION_COMMENTS = YES;
				CLANG_WARN_EMPTY_BODY = YES;
				CLANG_WARN_ENUM_CONVERSION = YES;
				CLANG_WARN_INFINITE_RECURSION = YES;
				CLANG_WARN_INT_CONVERSION = YES;
				CLANG_WARN_NON_LITERAL_NULL_CONVERSION = YES;
				CLANG_WARN_OBJC_IMPLICIT_RETAIN_SELF = YES;
				CLANG_WARN_OBJC_LITERAL_CONVERSION = YES;
				CLANG_WARN_OBJC_ROOT_CLASS = YES_ERROR;
				CLANG_WARN_RANGE_LOOP_ANALYSIS = YES;
				CLANG_WARN_STRICT_PROTOTYPES = YES;
				CLANG_WARN_SUSPICIOUS_MOVE = YES;
				CLANG_WARN_UNGUARDED_AVAILABILITY = YES_AGGRESSIVE;
				CLANG_WARN_UNREACHABLE_CODE = YES;
				CLANG_WARN__DUPLICATE_METHOD_MATCH = YES;
				CODE_SIGN_IDENTITY = "iPhone Developer";
				COPY_PHASE_STRIP = NO;
				DEBUG_INFORMATION_FORMAT = "dwarf-with-dsym";
				ENABLE_NS_ASSERTIONS = NO;
				ENABLE_STRICT_OBJC_MSGSEND = YES;
				GCC_C_LANGUAGE_STANDARD = gnu11;
				GCC_NO_COMMON_BLOCKS = YES;
				GCC_WARN_64_TO_32_BIT_CONVERSION = YES;
				GCC_WARN_ABOUT_RETURN_TYPE = YES_ERROR;
				GCC_WARN_UNDECLARED_SELECTOR = YES;
				GCC_WARN_UNINITIALIZED_AUTOS = YES_AGGRESSIVE;
				GCC_WARN_UNUSED_FUNCTION = YES;
				GCC_WARN_UNUSED_VARIABLE = YES;
				IPHONEOS_DEPLOYMENT_TARGET = 9.3;
				MTL_ENABLE_DEBUG_INFO = NO;
				SDKROOT = iphoneos;
				SWIFT_COMPILATION_MODE = wholemodule;
				SWIFT_OPTIMIZATION_LEVEL = "-O";
				VALIDATE_PRODUCT = YES;
			};
			name = Release;
		};
		5C84D50320CCFD2700A9DC67 /* Debug */ = {
			isa = XCBuildConfiguration;
			baseConfigurationReference = 708CCABC5FECE0274167520F /* Pods-footbalika.debug.xcconfig */;
			buildSettings = {
				ASSETCATALOG_COMPILER_APPICON_NAME = AppIcon;
				CODE_SIGN_STYLE = Automatic;
				DEVELOPMENT_TEAM = M8482989DZ;
				FRAMEWORK_SEARCH_PATHS = (
					"$(inherited)",
					"$(PROJECT_DIR)/footbalika",
					"$(PROJECT_DIR)",
				);
				INFOPLIST_FILE = footbalika/Info.plist;
				IPHONEOS_DEPLOYMENT_TARGET = 9.3;
				LD_RUNPATH_SEARCH_PATHS = (
					"$(inherited)",
					"@executable_path/Frameworks",
				);
				PRODUCT_BUNDLE_IDENTIFIER = com.dpa.footbalika;
				PRODUCT_NAME = "$(TARGET_NAME)";
				SWIFT_VERSION = 4.0;
				TARGETED_DEVICE_FAMILY = "1,2";
			};
			name = Debug;
		};
		5C84D50420CCFD2700A9DC67 /* Release */ = {
			isa = XCBuildConfiguration;
			baseConfigurationReference = 7515AA704A7F5C6185BED045 /* Pods-footbalika.release.xcconfig */;
			buildSettings = {
				ASSETCATALOG_COMPILER_APPICON_NAME = AppIcon;
				CODE_SIGN_STYLE = Automatic;
				DEVELOPMENT_TEAM = M8482989DZ;
				FRAMEWORK_SEARCH_PATHS = (
					"$(inherited)",
					"$(PROJECT_DIR)/footbalika",
					"$(PROJECT_DIR)",
				);
				INFOPLIST_FILE = footbalika/Info.plist;
				IPHONEOS_DEPLOYMENT_TARGET = 9.3;
				LD_RUNPATH_SEARCH_PATHS = (
					"$(inherited)",
					"@executable_path/Frameworks",
				);
				PRODUCT_BUNDLE_IDENTIFIER = com.dpa.footbalika;
				PRODUCT_NAME = "$(TARGET_NAME)";
				SWIFT_VERSION = 4.0;
				TARGETED_DEVICE_FAMILY = "1,2";
			};
			name = Release;
		};
/* End XCBuildConfiguration section */

/* Begin XCConfigurationList section */
		5C84D4EB20CCFD2500A9DC67 /* Build configuration list for PBXProject "footbalika" */ = {
			isa = XCConfigurationList;
			buildConfigurations = (
				5C84D50020CCFD2700A9DC67 /* Debug */,
				5C84D50120CCFD2700A9DC67 /* Release */,
			);
			defaultConfigurationIsVisible = 0;
			defaultConfigurationName = Release;
		};
		5C84D50220CCFD2700A9DC67 /* Build configuration list for PBXNativeTarget "footbalika" */ = {
			isa = XCConfigurationList;
			buildConfigurations = (
				5C84D50320CCFD2700A9DC67 /* Debug */,
				5C84D50420CCFD2700A9DC67 /* Release */,
			);
			defaultConfigurationIsVisible = 0;
			defaultConfigurationName = Release;
		};
/* End XCConfigurationList section */
	};
	rootObject = 5C84D4E820CCFD2500A9DC67 /* Project object */;
}
