PODS:
  - IQKeyboardManagerSwift (5.0.7)
  - Kingfisher (4.6.2)
  - Realm (3.1.1):
    - Realm/Headers (= 3.1.1)
  - Realm/Headers (3.1.1)
  - RealmSwift (3.1.1):
    - Realm (= 3.1.1)
  - RPCircularProgress (0.4.0)

DEPENDENCIES:
  - IQKeyboardManagerSwift
  - Kingfisher
  - RealmSwift
  - RPCircularProgress

SPEC REPOS:
  https://github.com/cocoapods/specs.git:
    - IQKeyboardManagerSwift
    - Kingfisher
    - Realm
    - RealmSwift
    - RPCircularProgress

SPEC CHECKSUMS:
  IQKeyboardManagerSwift: 30fb3a61de1af53a95e02b80fb54ed0a19d5ede5
  Kingfisher: 55b9c395bf8d3949676ad3861111923990ab68cf
  Realm: 42d1c38a5b1bbcc828b48a7ce702cb86fc68adf4
  RealmSwift: d31937ca6a6ee54acde64ec839523c0a3c04924b
  RPCircularProgress: fdbf7c5b54156980cdd35c6cc8a87d6468c6c829

PODFILE CHECKSUM: e39d3ad562fe51fcbe3127d510e0d86548fa5f9e

COCOAPODS: 1.5.3
